<?xml version="1.0" encoding="utf-8"?>
<Project ToolsVersion="4.0" xmlns="http://schemas.microsoft.com/developer/msbuild/2003">
  <ItemGroup>
    <Filter Include="Source Files">
      <UniqueIdentifier>{4FC737F1-C7A5-4376-A066-2A32D752A2FF}</UniqueIdentifier>
      <Extensions>cpp;c;cc;cxx;def;odl;idl;hpj;bat;asm;asmx</Extensions>
    </Filter>
    <Filter Include="Header Files">
      <UniqueIdentifier>{93995380-89BD-4b04-88EB-625FBE52EBFB}</UniqueIdentifier>
      <Extensions>h;hpp;hxx;hm;inl;inc;xsd</Extensions>
    </Filter>
    <Filter Include="Resource Files">
      <UniqueIdentifier>{67DA6AB6-F800-4c08-8B7A-83BB121AAD01}</UniqueIdentifier>
      <Extensions>rc;ico;cur;bmp;dlg;rc2;rct;bin;rgs;gif;jpg;jpeg;jpe;resx;tiff;tif;png;wav;mfcribbon-ms</Extensions>
    </Filter>
    <Filter Include="libraries">
      <UniqueIdentifier>{031197af-6bd6-4d9b-bb27-8ed44a859a1f}</UniqueIdentifier>
    </Filter>
    <Filter Include="libraries\unitest++">
      <UniqueIdentifier>{709fe047-11f8-4514-bc5d-036c52653884}</UniqueIdentifier>
    </Filter>
    <Filter Include="libraries\unitest++\Win32">
      <UniqueIdentifier>{b9499071-b6b9-4a0a-9edb-beed30e4137c}</UniqueIdentifier>
    </Filter>
  </ItemGroup>
  <ItemGroup>
    <ClCompile Include="..\..\..\source\unittests\source\network_ipaddress6.cpp">
      <Filter>Source Files</Filter>
    </ClCompile>
    <ClCompile Include="..\..\..\source\unittests\source\network_packet.cpp">
      <Filter>Source Files</Filter>
    </ClCompile>
    <ClCompile Include="..\..\..\source\unittests\source\network_sockets.cpp">
      <Filter>Source Files</Filter>
    </ClCompile>
    <ClCompile Include="..\..\..\source\unittests\source\threading_functorthread.cpp">
      <Filter>Source Files</Filter>
    </ClCompile>
    <ClCompile Include="..\..\..\source\unittests\source\threading_mutex.cpp">
      <Filter>Source Files</Filter>
    </ClCompile>
    <ClCompile Include="..\..\..\source\unittests\source\threading_runnable.cpp">
      <Filter>Source Files</Filter>
    </ClCompile>
    <ClCompile Include="..\..\..\source\unittests\source\threading_scopelock.cpp">
      <Filter>Source Files</Filter>
    </ClCompile>
    <ClCompile Include="..\..\..\source\unittests\source\threading_semaphore.cpp">
      <Filter>Source Files</Filter>
    </ClCompile>
    <ClCompile Include="..\..\..\source\unittests\source\threading_sleep.cpp">
      <Filter>Source Files</Filter>
    </ClCompile>
    <ClCompile Include="..\..\..\source\unittests\source\threading_thread.cpp">
      <Filter>Source Files</Filter>
    </ClCompile>
    <ClCompile Include="..\..\..\source\unittests\source\config_compilers.cpp">
      <Filter>Source Files</Filter>
    </ClCompile>
    <ClCompile Include="..\..\..\source\unittests\source\config_endianess.cpp">
      <Filter>Source Files</Filter>
    </ClCompile>
    <ClCompile Include="..\..\..\source\unittests\source\config_files.cpp">
      <Filter>Source Files</Filter>
    </ClCompile>
    <ClCompile Include="..\..\..\source\unittests\source\config_math.cpp">
      <Filter>Source Files</Filter>
    </ClCompile>
    <ClCompile Include="..\..\..\source\unittests\source\config_memory.cpp">
      <Filter>Source Files</Filter>
    </ClCompile>
    <ClCompile Include="..\..\..\source\unittests\source\config_platforms.cpp">
      <Filter>Source Files</Filter>
    </ClCompile>
    <ClCompile Include="..\..\..\source\unittests\source\config_processors.cpp">
      <Filter>Source Files</Filter>
    </ClCompile>
    <ClCompile Include="..\..\..\source\unittests\source\config_simd.cpp">
      <Filter>Source Files</Filter>
    </ClCompile>
    <ClCompile Include="..\..\..\source\unittests\source\config_threading.cpp">
      <Filter>Source Files</Filter>
    </ClCompile>
    <ClCompile Include="..\..\..\source\unittests\source\config_types.cpp">
      <Filter>Source Files</Filter>
    </ClCompile>
    <ClCompile Include="..\..\..\source\unittests\source\container_binarytree.cpp">
      <Filter>Source Files</Filter>
    </ClCompile>
    <ClCompile Include="..\..\..\source\unittests\source\container_bitmask.cpp">
      <Filter>Source Files</Filter>
    </ClCompile>
    <ClCompile Include="..\..\..\source\unittests\source\container_bitset.cpp">
      <Filter>Source Files</Filter>
    </ClCompile>
    <ClCompile Include="..\..\..\source\unittests\source\container_list.cpp">
      <Filter>Source Files</Filter>
    </ClCompile>
    <ClCompile Include="..\..\..\source\unittests\source\container_map.cpp">
      <Filter>Source Files</Filter>
    </ClCompile>
    <ClCompile Include="..\..\..\source\unittests\source\container_pair.cpp">
      <Filter>Source Files</Filter>
    </ClCompile>
    <ClCompile Include="..\..\..\source\unittests\source\container_queue.cpp">
      <Filter>Source Files</Filter>
    </ClCompile>
    <ClCompile Include="..\..\..\source\unittests\source\container_stack.cpp">
      <Filter>Source Files</Filter>
    </ClCompile>
    <ClCompile Include="..\..\..\source\unittests\source\container_staticqueue.cpp">
      <Filter>Source Files</Filter>
    </ClCompile>
    <ClCompile Include="..\..\..\source\unittests\source\container_staticstack.cpp">
      <Filter>Source Files</Filter>
    </ClCompile>
    <ClCompile Include="..\..\..\source\unittests\source\container_staticstring.cpp">
      <Filter>Source Files</Filter>
    </ClCompile>
    <ClCompile Include="..\..\..\source\unittests\source\container_string.cpp">
      <Filter>Source Files</Filter>
    </ClCompile>
    <ClCompile Include="..\..\..\source\unittests\source\container_treemap.cpp">
      <Filter>Source Files</Filter>
    </ClCompile>
    <ClCompile Include="..\..\..\source\unittests\source\container_treenode.cpp">
      <Filter>Source Files</Filter>
    </ClCompile>
    <ClCompile Include="..\..\..\source\unittests\source\container_vector.cpp">
      <Filter>Source Files</Filter>
    </ClCompile>
    <ClCompile Include="..\..\..\source\unittests\source\control_asserts.cpp">
      <Filter>Source Files</Filter>
    </ClCompile>
    <ClCompile Include="..\..\..\source\unittests\source\control_breakpoints.cpp">
      <Filter>Source Files</Filter>
    </ClCompile>
    <ClCompile Include="..\..\..\source\unittests\source\control_checkvtable.cpp">
      <Filter>Source Files</Filter>
    </ClCompile>
    <ClCompile Include="..\..\..\source\unittests\source\control_compare.cpp">
      <Filter>Source Files</Filter>
    </ClCompile>
    <ClCompile Include="..\..\..\source\unittests\source\control_converter.cpp">
      <Filter>Source Files</Filter>
    </ClCompile>
    <ClCompile Include="..\..\..\source\unittests\source\control_copyarray.cpp">
      <Filter>Source Files</Filter>
    </ClCompile>
    <ClCompile Include="..\..\..\source\unittests\source\control_copyobject.cpp">
      <Filter>Source Files</Filter>
    </ClCompile>
    <ClCompile Include="..\..\..\source\unittests\source\control_cpuinfo.cpp">
      <Filter>Source Files</Filter>
    </ClCompile>
    <ClCompile Include="..\..\..\source\unittests\source\control_endian.cpp">
      <Filter>Source Files</Filter>
    </ClCompile>
    <ClCompile Include="..\..\..\source\unittests\source\control_limits.cpp">
      <Filter>Source Files</Filter>
    </ClCompile>
    <ClCompile Include="..\..\..\source\unittests\source\control_time.cpp">
      <Filter>Source Files</Filter>
    </ClCompile>
    <ClCompile Include="..\..\..\source\unittests\source\control_zero.cpp">
      <Filter>Source Files</Filter>
    </ClCompile>
    <ClCompile Include="..\..\..\source\unittests\source\files_file.cpp">
      <Filter>Source Files</Filter>
    </ClCompile>
    <ClCompile Include="..\..\..\source\unittests\source\geometry_geometry.cpp">
      <Filter>Source Files</Filter>
    </ClCompile>
    <ClCompile Include="..\..\..\source\unittests\source\geometry_matrix2.cpp">
      <Filter>Source Files</Filter>
    </ClCompile>
    <ClCompile Include="..\..\..\source\unittests\source\geometry_matrix3.cpp">
      <Filter>Source Files</Filter>
    </ClCompile>
    <ClCompile Include="..\..\..\source\unittests\source\geometry_matrix4.cpp">
      <Filter>Source Files</Filter>
    </ClCompile>
    <ClCompile Include="..\..\..\source\unittests\source\geometry_vector2.cpp">
      <Filter>Source Files</Filter>
    </ClCompile>
    <ClCompile Include="..\..\..\source\unittests\source\geometry_vector3.cpp">
      <Filter>Source Files</Filter>
    </ClCompile>
    <ClCompile Include="..\..\..\source\unittests\source\geometry_vector4.cpp">
      <Filter>Source Files</Filter>
    </ClCompile>
    <ClCompile Include="..\..\..\source\unittests\source\main.cpp">
      <Filter>Source Files</Filter>
    </ClCompile>
    <ClCompile Include="..\..\..\source\unittests\source\math_math.cpp">
      <Filter>Source Files</Filter>
    </ClCompile>
    <ClCompile Include="..\..\..\source\unittests\source\math_random.cpp">
      <Filter>Source Files</Filter>
    </ClCompile>
    <ClCompile Include="..\..\..\source\unittests\source\memory_allocatordefault.cpp">
      <Filter>Source Files</Filter>
    </ClCompile>
    <ClCompile Include="..\..\..\source\unittests\source\memory_allocatormalloc.cpp">
      <Filter>Source Files</Filter>
    </ClCompile>
    <ClCompile Include="..\..\..\source\unittests\source\memory_allocatorstatic.cpp">
      <Filter>Source Files</Filter>
    </ClCompile>
    <ClCompile Include="..\..\..\source\unittests\source\memory_memorypool.cpp">
      <Filter>Source Files</Filter>
    </ClCompile>
    <ClCompile Include="..\..\..\source\unittests\source\network_addressip4.cpp">
      <Filter>Source Files</Filter>
    </ClCompile>
    <ClCompile Include="..\..\..\source\unittests\source\network_headers.cpp">
      <Filter>Source Files</Filter>
    </ClCompile>
    <ClCompile Include="..\..\..\libraries\unittest\AssertException.cpp">
      <Filter>libraries\unitest++</Filter>
    </ClCompile>
    <ClCompile Include="..\..\..\libraries\unittest\Checks.cpp">
      <Filter>libraries\unitest++</Filter>
    </ClCompile>
    <ClCompile Include="..\..\..\libraries\unittest\CurrentTest.cpp">
      <Filter>libraries\unitest++</Filter>
    </ClCompile>
    <ClCompile Include="..\..\..\libraries\unittest\DeferredTestReporter.cpp">
      <Filter>libraries\unitest++</Filter>
    </ClCompile>
    <ClCompile Include="..\..\..\libraries\unittest\DeferredTestResult.cpp">
      <Filter>libraries\unitest++</Filter>
    </ClCompile>
    <ClCompile Include="..\..\..\libraries\unittest\MemoryOutStream.cpp">
      <Filter>libraries\unitest++</Filter>
    </ClCompile>
    <ClCompile Include="..\..\..\libraries\unittest\ReportAssert.cpp">
      <Filter>libraries\unitest++</Filter>
    </ClCompile>
    <ClCompile Include="..\..\..\libraries\unittest\Test.cpp">
      <Filter>libraries\unitest++</Filter>
    </ClCompile>
    <ClCompile Include="..\..\..\libraries\unittest\TestDetails.cpp">
      <Filter>libraries\unitest++</Filter>
    </ClCompile>
    <ClCompile Include="..\..\..\libraries\unittest\TestList.cpp">
      <Filter>libraries\unitest++</Filter>
    </ClCompile>
    <ClCompile Include="..\..\..\libraries\unittest\TestReporter.cpp">
      <Filter>libraries\unitest++</Filter>
    </ClCompile>
    <ClCompile Include="..\..\..\libraries\unittest\TestReporterStdout.cpp">
      <Filter>libraries\unitest++</Filter>
    </ClCompile>
    <ClCompile Include="..\..\..\libraries\unittest\TestResults.cpp">
      <Filter>libraries\unitest++</Filter>
    </ClCompile>
    <ClCompile Include="..\..\..\libraries\unittest\TestRunner.cpp">
      <Filter>libraries\unitest++</Filter>
    </ClCompile>
    <ClCompile Include="..\..\..\libraries\unittest\TimeConstraint.cpp">
      <Filter>libraries\unitest++</Filter>
    </ClCompile>
    <ClCompile Include="..\..\..\libraries\unittest\XmlTestReporter.cpp">
      <Filter>libraries\unitest++</Filter>
    </ClCompile>
    <ClCompile Include="..\..\..\libraries\unittest\Win32\TimeHelpers.cpp">
      <Filter>libraries\unitest++\Win32</Filter>
    </ClCompile>
    <ClCompile Include="..\..\..\source\unittests\source\container_intrusivelist.cpp">
      <Filter>Source Files</Filter>
    </ClCompile>
  </ItemGroup>
</Project>