// !$*UTF8*$!
{
	archiveVersion = 1;
	classes = {
	};
	objectVersion = 46;
	objects = {

/* Begin PBXBuildFile section */
		B5EC3D55164EBB960053AEF0 /* bitmask.cpp in Sources */ = {isa = PBXBuildFile; fileRef = B5EC3D15164EBB950053AEF0 /* bitmask.cpp */; };
		B5EC3D65164EBB960053AEF0 /* cpuinfo.cpp in Sources */ = {isa = PBXBuildFile; fileRef = B5EC3D26164EBB950053AEF0 /* cpuinfo.cpp */; };
		B5EC3D68164EBB960053AEF0 /* limits.cpp in Sources */ = {isa = PBXBuildFile; fileRef = B5EC3D29164EBB950053AEF0 /* limits.cpp */; };
		B5EC3D6A164EBB960053AEF0 /* time.cpp in Sources */ = {isa = PBXBuildFile; fileRef = B5EC3D2B164EBB950053AEF0 /* time.cpp */; };
		B5EC3D6C164EBB960053AEF0 /* zero.cpp in Sources */ = {isa = PBXBuildFile; fileRef = B5EC3D2D164EBB950053AEF0 /* zero.cpp */; };
		B5EC3D73164EBB960053AEF0 /* memorytracker.cpp in Sources */ = {isa = PBXBuildFile; fileRef = B5EC3D36164EBB950053AEF0 /* memorytracker.cpp */; };
		B5EC3D77164EBB960053AEF0 /* mutex.cpp in Sources */ = {isa = PBXBuildFile; fileRef = B5EC3D3B164EBB950053AEF0 /* mutex.cpp */; };
		B5EC3D79164EBB960053AEF0 /* runnable.cpp in Sources */ = {isa = PBXBuildFile; fileRef = B5EC3D3D164EBB950053AEF0 /* runnable.cpp */; };
		B5EC3D7B164EBB960053AEF0 /* scopelock.cpp in Sources */ = {isa = PBXBuildFile; fileRef = B5EC3D3F164EBB950053AEF0 /* scopelock.cpp */; };
		B5EC3D7D164EBB960053AEF0 /* semaphore.cpp in Sources */ = {isa = PBXBuildFile; fileRef = B5EC3D41164EBB950053AEF0 /* semaphore.cpp */; };
		B5EC3D7F164EBB960053AEF0 /* sleep.cpp in Sources */ = {isa = PBXBuildFile; fileRef = B5EC3D43164EBB950053AEF0 /* sleep.cpp */; };
		B5EC3D81164EBB960053AEF0 /* thread.cpp in Sources */ = {isa = PBXBuildFile; fileRef = B5EC3D45164EBB950053AEF0 /* thread.cpp */; };
/* End PBXBuildFile section */

/* Begin PBXFileReference section */
		B5EC3CF6164EAB390053AEF0 /* libCRAPbasic.a */ = {isa = PBXFileReference; explicitFileType = archive.ar; includeInIndex = 0; path = libCRAPbasic.a; sourceTree = BUILT_PRODUCTS_DIR; };
		B5EC3D09164EBB950053AEF0 /* compilers.h */ = {isa = PBXFileReference; fileEncoding = 4; lastKnownFileType = sourcecode.c.h; path = compilers.h; sourceTree = "<group>"; };
		B5EC3D0A164EBB950053AEF0 /* endianness.h */ = {isa = PBXFileReference; fileEncoding = 4; lastKnownFileType = sourcecode.c.h; path = endianness.h; sourceTree = "<group>"; };
		B5EC3D0B164EBB950053AEF0 /* math.h */ = {isa = PBXFileReference; fileEncoding = 4; lastKnownFileType = sourcecode.c.h; path = math.h; sourceTree = "<group>"; };
		B5EC3D0C164EBB950053AEF0 /* memory.h */ = {isa = PBXFileReference; fileEncoding = 4; lastKnownFileType = sourcecode.c.h; path = memory.h; sourceTree = "<group>"; };
		B5EC3D0D164EBB950053AEF0 /* platforms.h */ = {isa = PBXFileReference; fileEncoding = 4; lastKnownFileType = sourcecode.c.h; path = platforms.h; sourceTree = "<group>"; };
		B5EC3D0E164EBB950053AEF0 /* processors.h */ = {isa = PBXFileReference; fileEncoding = 4; lastKnownFileType = sourcecode.c.h; path = processors.h; sourceTree = "<group>"; };
		B5EC3D0F164EBB950053AEF0 /* simd.h */ = {isa = PBXFileReference; fileEncoding = 4; lastKnownFileType = sourcecode.c.h; path = simd.h; sourceTree = "<group>"; };
		B5EC3D10164EBB950053AEF0 /* threading.h */ = {isa = PBXFileReference; fileEncoding = 4; lastKnownFileType = sourcecode.c.h; path = threading.h; sourceTree = "<group>"; };
		B5EC3D11164EBB950053AEF0 /* types.h */ = {isa = PBXFileReference; fileEncoding = 4; lastKnownFileType = sourcecode.c.h; path = types.h; sourceTree = "<group>"; };
		B5EC3D12164EBB950053AEF0 /* config.h */ = {isa = PBXFileReference; fileEncoding = 4; lastKnownFileType = sourcecode.c.h; name = config.h; path = ../../../src/crap/config.h; sourceTree = "<group>"; };
		B5EC3D14164EBB950053AEF0 /* binarytree.h */ = {isa = PBXFileReference; fileEncoding = 4; lastKnownFileType = sourcecode.c.h; path = binarytree.h; sourceTree = "<group>"; };
		B5EC3D15164EBB950053AEF0 /* bitmask.cpp */ = {isa = PBXFileReference; fileEncoding = 4; lastKnownFileType = sourcecode.cpp.cpp; path = bitmask.cpp; sourceTree = "<group>"; };
		B5EC3D16164EBB950053AEF0 /* bitmask.h */ = {isa = PBXFileReference; fileEncoding = 4; lastKnownFileType = sourcecode.c.h; path = bitmask.h; sourceTree = "<group>"; };
		B5EC3D17164EBB950053AEF0 /* bitset.h */ = {isa = PBXFileReference; fileEncoding = 4; lastKnownFileType = sourcecode.c.h; path = bitset.h; sourceTree = "<group>"; };
		B5EC3D18164EBB950053AEF0 /* list.h */ = {isa = PBXFileReference; fileEncoding = 4; lastKnownFileType = sourcecode.c.h; path = list.h; sourceTree = "<group>"; };
		B5EC3D19164EBB950053AEF0 /* map.h */ = {isa = PBXFileReference; fileEncoding = 4; lastKnownFileType = sourcecode.c.h; path = map.h; sourceTree = "<group>"; };
		B5EC3D1A164EBB950053AEF0 /* pair.h */ = {isa = PBXFileReference; fileEncoding = 4; lastKnownFileType = sourcecode.c.h; path = pair.h; sourceTree = "<group>"; };
		B5EC3D1B164EBB950053AEF0 /* queue.h */ = {isa = PBXFileReference; fileEncoding = 4; lastKnownFileType = sourcecode.c.h; path = queue.h; sourceTree = "<group>"; };
		B5EC3D1C164EBB950053AEF0 /* stack.h */ = {isa = PBXFileReference; fileEncoding = 4; lastKnownFileType = sourcecode.c.h; path = stack.h; sourceTree = "<group>"; };
		B5EC3D1D164EBB950053AEF0 /* treenode.h */ = {isa = PBXFileReference; fileEncoding = 4; lastKnownFileType = sourcecode.c.h; path = treenode.h; sourceTree = "<group>"; };
		B5EC3D1E164EBB950053AEF0 /* vector.h */ = {isa = PBXFileReference; fileEncoding = 4; lastKnownFileType = sourcecode.c.h; path = vector.h; sourceTree = "<group>"; };
		B5EC3D20164EBB950053AEF0 /* asserts.h */ = {isa = PBXFileReference; fileEncoding = 4; lastKnownFileType = sourcecode.c.h; path = asserts.h; sourceTree = "<group>"; };
		B5EC3D21164EBB950053AEF0 /* breakpoints.h */ = {isa = PBXFileReference; fileEncoding = 4; lastKnownFileType = sourcecode.c.h; path = breakpoints.h; sourceTree = "<group>"; };
		B5EC3D22164EBB950053AEF0 /* checkvtable.h */ = {isa = PBXFileReference; fileEncoding = 4; lastKnownFileType = sourcecode.c.h; path = checkvtable.h; sourceTree = "<group>"; };
		B5EC3D23164EBB950053AEF0 /* compare.h */ = {isa = PBXFileReference; fileEncoding = 4; lastKnownFileType = sourcecode.c.h; path = compare.h; sourceTree = "<group>"; };
		B5EC3D24164EBB950053AEF0 /* converter.h */ = {isa = PBXFileReference; fileEncoding = 4; lastKnownFileType = sourcecode.c.h; path = converter.h; sourceTree = "<group>"; };
		B5EC3D25164EBB950053AEF0 /* copyobject.h */ = {isa = PBXFileReference; fileEncoding = 4; lastKnownFileType = sourcecode.c.h; path = copyobject.h; sourceTree = "<group>"; };
		B5EC3D26164EBB950053AEF0 /* cpuinfo.cpp */ = {isa = PBXFileReference; fileEncoding = 4; lastKnownFileType = sourcecode.cpp.cpp; path = cpuinfo.cpp; sourceTree = "<group>"; };
		B5EC3D27164EBB950053AEF0 /* cpuinfo.h */ = {isa = PBXFileReference; fileEncoding = 4; lastKnownFileType = sourcecode.c.h; path = cpuinfo.h; sourceTree = "<group>"; };
		B5EC3D28164EBB950053AEF0 /* endian.h */ = {isa = PBXFileReference; fileEncoding = 4; lastKnownFileType = sourcecode.c.h; path = endian.h; sourceTree = "<group>"; };
		B5EC3D29164EBB950053AEF0 /* limits.cpp */ = {isa = PBXFileReference; fileEncoding = 4; lastKnownFileType = sourcecode.cpp.cpp; path = limits.cpp; sourceTree = "<group>"; };
		B5EC3D2A164EBB950053AEF0 /* limits.h */ = {isa = PBXFileReference; fileEncoding = 4; lastKnownFileType = sourcecode.c.h; path = limits.h; sourceTree = "<group>"; };
		B5EC3D2B164EBB950053AEF0 /* time.cpp */ = {isa = PBXFileReference; fileEncoding = 4; lastKnownFileType = sourcecode.cpp.cpp; path = time.cpp; sourceTree = "<group>"; };
		B5EC3D2C164EBB950053AEF0 /* time.h */ = {isa = PBXFileReference; fileEncoding = 4; lastKnownFileType = sourcecode.c.h; path = time.h; sourceTree = "<group>"; };
		B5EC3D2D164EBB950053AEF0 /* zero.cpp */ = {isa = PBXFileReference; fileEncoding = 4; lastKnownFileType = sourcecode.cpp.cpp; path = zero.cpp; sourceTree = "<group>"; };
		B5EC3D2E164EBB950053AEF0 /* zero.h */ = {isa = PBXFileReference; fileEncoding = 4; lastKnownFileType = sourcecode.c.h; path = zero.h; sourceTree = "<group>"; };
		B5EC3D30164EBB950053AEF0 /* math.h */ = {isa = PBXFileReference; fileEncoding = 4; lastKnownFileType = sourcecode.c.h; path = math.h; sourceTree = "<group>"; };
		B5EC3D31164EBB950053AEF0 /* random.h */ = {isa = PBXFileReference; fileEncoding = 4; lastKnownFileType = sourcecode.c.h; path = random.h; sourceTree = "<group>"; };
		B5EC3D33164EBB950053AEF0 /* allocatordefault.h */ = {isa = PBXFileReference; fileEncoding = 4; lastKnownFileType = sourcecode.c.h; path = allocatordefault.h; sourceTree = "<group>"; };
		B5EC3D34164EBB950053AEF0 /* allocatormalloc.h */ = {isa = PBXFileReference; fileEncoding = 4; lastKnownFileType = sourcecode.c.h; path = allocatormalloc.h; sourceTree = "<group>"; };
		B5EC3D35164EBB950053AEF0 /* memorypool.h */ = {isa = PBXFileReference; fileEncoding = 4; lastKnownFileType = sourcecode.c.h; path = memorypool.h; sourceTree = "<group>"; };
		B5EC3D36164EBB950053AEF0 /* memorytracker.cpp */ = {isa = PBXFileReference; fileEncoding = 4; lastKnownFileType = sourcecode.cpp.cpp; path = memorytracker.cpp; sourceTree = "<group>"; };
		B5EC3D37164EBB950053AEF0 /* memorytracker.h */ = {isa = PBXFileReference; fileEncoding = 4; lastKnownFileType = sourcecode.c.h; path = memorytracker.h; sourceTree = "<group>"; };
		B5EC3D38164EBB950053AEF0 /* precompiled.h */ = {isa = PBXFileReference; fileEncoding = 4; lastKnownFileType = sourcecode.c.h; name = precompiled.h; path = ../../../src/crap/precompiled.h; sourceTree = "<group>"; };
		B5EC3D3A164EBB950053AEF0 /* functorthread.h */ = {isa = PBXFileReference; fileEncoding = 4; lastKnownFileType = sourcecode.c.h; path = functorthread.h; sourceTree = "<group>"; };
		B5EC3D3B164EBB950053AEF0 /* mutex.cpp */ = {isa = PBXFileReference; fileEncoding = 4; lastKnownFileType = sourcecode.cpp.cpp; path = mutex.cpp; sourceTree = "<group>"; };
		B5EC3D3C164EBB950053AEF0 /* mutex.h */ = {isa = PBXFileReference; fileEncoding = 4; lastKnownFileType = sourcecode.c.h; path = mutex.h; sourceTree = "<group>"; };
		B5EC3D3D164EBB950053AEF0 /* runnable.cpp */ = {isa = PBXFileReference; fileEncoding = 4; lastKnownFileType = sourcecode.cpp.cpp; path = runnable.cpp; sourceTree = "<group>"; };
		B5EC3D3E164EBB950053AEF0 /* runnable.h */ = {isa = PBXFileReference; fileEncoding = 4; lastKnownFileType = sourcecode.c.h; path = runnable.h; sourceTree = "<group>"; };
		B5EC3D3F164EBB950053AEF0 /* scopelock.cpp */ = {isa = PBXFileReference; fileEncoding = 4; lastKnownFileType = sourcecode.cpp.cpp; path = scopelock.cpp; sourceTree = "<group>"; };
		B5EC3D40164EBB950053AEF0 /* scopelock.h */ = {isa = PBXFileReference; fileEncoding = 4; lastKnownFileType = sourcecode.c.h; path = scopelock.h; sourceTree = "<group>"; };
		B5EC3D41164EBB950053AEF0 /* semaphore.cpp */ = {isa = PBXFileReference; fileEncoding = 4; lastKnownFileType = sourcecode.cpp.cpp; path = semaphore.cpp; sourceTree = "<group>"; };
		B5EC3D42164EBB950053AEF0 /* semaphore.h */ = {isa = PBXFileReference; fileEncoding = 4; lastKnownFileType = sourcecode.c.h; path = semaphore.h; sourceTree = "<group>"; };
		B5EC3D43164EBB950053AEF0 /* sleep.cpp */ = {isa = PBXFileReference; fileEncoding = 4; lastKnownFileType = sourcecode.cpp.cpp; path = sleep.cpp; sourceTree = "<group>"; };
		B5EC3D44164EBB950053AEF0 /* sleep.h */ = {isa = PBXFileReference; fileEncoding = 4; lastKnownFileType = sourcecode.c.h; path = sleep.h; sourceTree = "<group>"; };
		B5EC3D45164EBB950053AEF0 /* thread.cpp */ = {isa = PBXFileReference; fileEncoding = 4; lastKnownFileType = sourcecode.cpp.cpp; path = thread.cpp; sourceTree = "<group>"; };
		B5EC3D46164EBB950053AEF0 /* thread.h */ = {isa = PBXFileReference; fileEncoding = 4; lastKnownFileType = sourcecode.c.h; path = thread.h; sourceTree = "<group>"; };
		B5EC3D48164EBB950053AEF0 /* staticstring.h */ = {isa = PBXFileReference; fileEncoding = 4; lastKnownFileType = sourcecode.c.h; path = staticstring.h; sourceTree = "<group>"; };
		B5EC3D49164EBB950053AEF0 /* string.h */ = {isa = PBXFileReference; fileEncoding = 4; lastKnownFileType = sourcecode.c.h; path = string.h; sourceTree = "<group>"; };
/* End PBXFileReference section */

/* Begin PBXFrameworksBuildPhase section */
		B5EC3CF3164EAB390053AEF0 /* Frameworks */ = {
			isa = PBXFrameworksBuildPhase;
			buildActionMask = 2147483647;
			files = (
			);
			runOnlyForDeploymentPostprocessing = 0;
		};
/* End PBXFrameworksBuildPhase section */

/* Begin PBXGroup section */
		B5EC3CEB164EAB380053AEF0 = {
			isa = PBXGroup;
			children = (
				B5EC3D08164EBB950053AEF0 /* config */,
				B5EC3D12164EBB950053AEF0 /* config.h */,
				B5EC3D13164EBB950053AEF0 /* container */,
				B5EC3D1F164EBB950053AEF0 /* control */,
				B5EC3D2F164EBB950053AEF0 /* math */,
				B5EC3D32164EBB950053AEF0 /* memory */,
				B5EC3D38164EBB950053AEF0 /* precompiled.h */,
				B5EC3D39164EBB950053AEF0 /* threading */,
				B5EC3D47164EBB950053AEF0 /* types */,
				B5EC3CF7164EAB390053AEF0 /* Products */,
			);
			sourceTree = "<group>";
		};
		B5EC3CF7164EAB390053AEF0 /* Products */ = {
			isa = PBXGroup;
			children = (
				B5EC3CF6164EAB390053AEF0 /* libCRAPbasic.a */,
			);
			name = Products;
			sourceTree = "<group>";
		};
		B5EC3D08164EBB950053AEF0 /* config */ = {
			isa = PBXGroup;
			children = (
				B5EC3D09164EBB950053AEF0 /* compilers.h */,
				B5EC3D0A164EBB950053AEF0 /* endianness.h */,
				B5EC3D0B164EBB950053AEF0 /* math.h */,
				B5EC3D0C164EBB950053AEF0 /* memory.h */,
				B5EC3D0D164EBB950053AEF0 /* platforms.h */,
				B5EC3D0E164EBB950053AEF0 /* processors.h */,
				B5EC3D0F164EBB950053AEF0 /* simd.h */,
				B5EC3D10164EBB950053AEF0 /* threading.h */,
				B5EC3D11164EBB950053AEF0 /* types.h */,
			);
			name = config;
			path = ../../../src/crap/config;
			sourceTree = "<group>";
		};
		B5EC3D13164EBB950053AEF0 /* container */ = {
			isa = PBXGroup;
			children = (
				B5EC3D14164EBB950053AEF0 /* binarytree.h */,
				B5EC3D15164EBB950053AEF0 /* bitmask.cpp */,
				B5EC3D16164EBB950053AEF0 /* bitmask.h */,
				B5EC3D17164EBB950053AEF0 /* bitset.h */,
				B5EC3D18164EBB950053AEF0 /* list.h */,
				B5EC3D19164EBB950053AEF0 /* map.h */,
				B5EC3D1A164EBB950053AEF0 /* pair.h */,
				B5EC3D1B164EBB950053AEF0 /* queue.h */,
				B5EC3D1C164EBB950053AEF0 /* stack.h */,
				B5EC3D1D164EBB950053AEF0 /* treenode.h */,
				B5EC3D1E164EBB950053AEF0 /* vector.h */,
			);
			name = container;
			path = ../../../src/crap/container;
			sourceTree = "<group>";
		};
		B5EC3D1F164EBB950053AEF0 /* control */ = {
			isa = PBXGroup;
			children = (
				B5EC3D20164EBB950053AEF0 /* asserts.h */,
				B5EC3D21164EBB950053AEF0 /* breakpoints.h */,
				B5EC3D22164EBB950053AEF0 /* checkvtable.h */,
				B5EC3D23164EBB950053AEF0 /* compare.h */,
				B5EC3D24164EBB950053AEF0 /* converter.h */,
				B5EC3D25164EBB950053AEF0 /* copyobject.h */,
				B5EC3D26164EBB950053AEF0 /* cpuinfo.cpp */,
				B5EC3D27164EBB950053AEF0 /* cpuinfo.h */,
				B5EC3D28164EBB950053AEF0 /* endian.h */,
				B5EC3D29164EBB950053AEF0 /* limits.cpp */,
				B5EC3D2A164EBB950053AEF0 /* limits.h */,
				B5EC3D2B164EBB950053AEF0 /* time.cpp */,
				B5EC3D2C164EBB950053AEF0 /* time.h */,
				B5EC3D2D164EBB950053AEF0 /* zero.cpp */,
				B5EC3D2E164EBB950053AEF0 /* zero.h */,
			);
			name = control;
			path = ../../../src/crap/control;
			sourceTree = "<group>";
		};
		B5EC3D2F164EBB950053AEF0 /* math */ = {
			isa = PBXGroup;
			children = (
				B5EC3D30164EBB950053AEF0 /* math.h */,
				B5EC3D31164EBB950053AEF0 /* random.h */,
			);
			name = math;
			path = ../../../src/crap/math;
			sourceTree = "<group>";
		};
		B5EC3D32164EBB950053AEF0 /* memory */ = {
			isa = PBXGroup;
			children = (
				B5EC3D33164EBB950053AEF0 /* allocatordefault.h */,
				B5EC3D34164EBB950053AEF0 /* allocatormalloc.h */,
				B5EC3D35164EBB950053AEF0 /* memorypool.h */,
				B5EC3D36164EBB950053AEF0 /* memorytracker.cpp */,
				B5EC3D37164EBB950053AEF0 /* memorytracker.h */,
			);
			name = memory;
			path = ../../../src/crap/memory;
			sourceTree = "<group>";
		};
		B5EC3D39164EBB950053AEF0 /* threading */ = {
			isa = PBXGroup;
			children = (
				B5EC3D3A164EBB950053AEF0 /* functorthread.h */,
				B5EC3D3B164EBB950053AEF0 /* mutex.cpp */,
				B5EC3D3C164EBB950053AEF0 /* mutex.h */,
				B5EC3D3D164EBB950053AEF0 /* runnable.cpp */,
				B5EC3D3E164EBB950053AEF0 /* runnable.h */,
				B5EC3D3F164EBB950053AEF0 /* scopelock.cpp */,
				B5EC3D40164EBB950053AEF0 /* scopelock.h */,
				B5EC3D41164EBB950053AEF0 /* semaphore.cpp */,
				B5EC3D42164EBB950053AEF0 /* semaphore.h */,
				B5EC3D43164EBB950053AEF0 /* sleep.cpp */,
				B5EC3D44164EBB950053AEF0 /* sleep.h */,
				B5EC3D45164EBB950053AEF0 /* thread.cpp */,
				B5EC3D46164EBB950053AEF0 /* thread.h */,
			);
			name = threading;
			path = ../../../src/crap/threading;
			sourceTree = "<group>";
		};
		B5EC3D47164EBB950053AEF0 /* types */ = {
			isa = PBXGroup;
			children = (
				B5EC3D48164EBB950053AEF0 /* staticstring.h */,
				B5EC3D49164EBB950053AEF0 /* string.h */,
			);
			name = types;
			path = ../../../src/crap/types;
			sourceTree = "<group>";
		};
/* End PBXGroup section */

/* Begin PBXHeadersBuildPhase section */
		B5EC3CF4164EAB390053AEF0 /* Headers */ = {
			isa = PBXHeadersBuildPhase;
			buildActionMask = 2147483647;
			files = (
			);
			runOnlyForDeploymentPostprocessing = 0;
		};
/* End PBXHeadersBuildPhase section */

/* Begin PBXNativeTarget section */
		B5EC3CF5164EAB390053AEF0 /* CRAPbasic */ = {
			isa = PBXNativeTarget;
			buildConfigurationList = B5EC3CFA164EAB390053AEF0 /* Build configuration list for PBXNativeTarget "CRAPbasic" */;
			buildPhases = (
				B5EC3CF2164EAB390053AEF0 /* Sources */,
				B5EC3CF3164EAB390053AEF0 /* Frameworks */,
				B5EC3CF4164EAB390053AEF0 /* Headers */,
			);
			buildRules = (
			);
			dependencies = (
			);
			name = CRAPbasic;
			productName = CRAPbasic;
			productReference = B5EC3CF6164EAB390053AEF0 /* libCRAPbasic.a */;
			productType = "com.apple.product-type.library.static";
		};
/* End PBXNativeTarget section */

/* Begin PBXProject section */
		B5EC3CED164EAB380053AEF0 /* Project object */ = {
			isa = PBXProject;
			buildConfigurationList = B5EC3CF0164EAB380053AEF0 /* Build configuration list for PBXProject "CRAPbasic" */;
			compatibilityVersion = "Xcode 3.2";
			developmentRegion = English;
			hasScannedForEncodings = 0;
			knownRegions = (
				en,
			);
			mainGroup = B5EC3CEB164EAB380053AEF0;
			productRefGroup = B5EC3CF7164EAB390053AEF0 /* Products */;
			projectDirPath = "";
			projectRoot = "";
			targets = (
				B5EC3CF5164EAB390053AEF0 /* CRAPbasic */,
			);
		};
/* End PBXProject section */

/* Begin PBXSourcesBuildPhase section */
		B5EC3CF2164EAB390053AEF0 /* Sources */ = {
			isa = PBXSourcesBuildPhase;
			buildActionMask = 2147483647;
			files = (
				B5EC3D55164EBB960053AEF0 /* bitmask.cpp in Sources */,
				B5EC3D65164EBB960053AEF0 /* cpuinfo.cpp in Sources */,
				B5EC3D68164EBB960053AEF0 /* limits.cpp in Sources */,
				B5EC3D6A164EBB960053AEF0 /* time.cpp in Sources */,
				B5EC3D6C164EBB960053AEF0 /* zero.cpp in Sources */,
				B5EC3D73164EBB960053AEF0 /* memorytracker.cpp in Sources */,
				B5EC3D77164EBB960053AEF0 /* mutex.cpp in Sources */,
				B5EC3D79164EBB960053AEF0 /* runnable.cpp in Sources */,
				B5EC3D7B164EBB960053AEF0 /* scopelock.cpp in Sources */,
				B5EC3D7D164EBB960053AEF0 /* semaphore.cpp in Sources */,
				B5EC3D7F164EBB960053AEF0 /* sleep.cpp in Sources */,
				B5EC3D81164EBB960053AEF0 /* thread.cpp in Sources */,
			);
			runOnlyForDeploymentPostprocessing = 0;
		};
/* End PBXSourcesBuildPhase section */

/* Begin XCBuildConfiguration section */
		B5EC3CF8164EAB390053AEF0 /* Debug */ = {
			isa = XCBuildConfiguration;
			buildSettings = {
				ALWAYS_SEARCH_USER_PATHS = NO;
				ARCHS = "$(ARCHS_STANDARD_64_BIT)";
				COPY_PHASE_STRIP = NO;
				GCC_C_LANGUAGE_STANDARD = gnu99;
				GCC_DYNAMIC_NO_PIC = NO;
				GCC_ENABLE_OBJC_EXCEPTIONS = YES;
				GCC_OPTIMIZATION_LEVEL = 0;
				GCC_PREPROCESSOR_DEFINITIONS = (
					"DEBUG=1",
					"$(inherited)",
				);
				GCC_SYMBOLS_PRIVATE_EXTERN = NO;
				GCC_VERSION = com.apple.compilers.llvm.clang.1_0;
				GCC_WARN_64_TO_32_BIT_CONVERSION = YES;
				GCC_WARN_ABOUT_MISSING_PROTOTYPES = YES;
				GCC_WARN_ABOUT_RETURN_TYPE = YES;
				GCC_WARN_UNUSED_VARIABLE = YES;
				MACOSX_DEPLOYMENT_TARGET = 10.7;
				ONLY_ACTIVE_ARCH = YES;
				SDKROOT = macosx;
				SYMROOT = ../../../bin/xcode;
			};
			name = Debug;
		};
		B5EC3CF9164EAB390053AEF0 /* Release */ = {
			isa = XCBuildConfiguration;
			buildSettings = {
				ALWAYS_SEARCH_USER_PATHS = NO;
				ARCHS = "$(ARCHS_STANDARD_64_BIT)";
				COPY_PHASE_STRIP = YES;
				DEBUG_INFORMATION_FORMAT = "dwarf-with-dsym";
				GCC_C_LANGUAGE_STANDARD = gnu99;
				GCC_ENABLE_OBJC_EXCEPTIONS = YES;
				GCC_VERSION = com.apple.compilers.llvm.clang.1_0;
				GCC_WARN_64_TO_32_BIT_CONVERSION = YES;
				GCC_WARN_ABOUT_MISSING_PROTOTYPES = YES;
				GCC_WARN_ABOUT_RETURN_TYPE = YES;
				GCC_WARN_UNUSED_VARIABLE = YES;
				MACOSX_DEPLOYMENT_TARGET = 10.7;
				SDKROOT = macosx;
				SYMROOT = ../../../bin/xcode;
			};
			name = Release;
		};
		B5EC3CFB164EAB390053AEF0 /* Debug */ = {
			isa = XCBuildConfiguration;
			buildSettings = {
				ALWAYS_SEARCH_USER_PATHS = NO;
				EXECUTABLE_PREFIX = lib;
				GCC_PREBUILD_PREFIX_HEADER = YES;
				GCC_PRECOMPILE_PREFIX_HEADER = YES;
				GCC_PREFIX_HEADER = ../../../src/crap/precompiled.h;
				HEADER_SEARCH_PATHS = (
					../../../src/crap,
					../../../lib,
				);
				OBJROOT = ../../../build/xcode/crap;
				PRODUCT_NAME = "$(TARGET_NAME)";
				SYMROOT = ../../../bin/xcode/crap;
				USER_HEADER_SEARCH_PATHS = "";
			};
			name = Debug;
		};
		B5EC3CFC164EAB390053AEF0 /* Release */ = {
			isa = XCBuildConfiguration;
			buildSettings = {
				ALWAYS_SEARCH_USER_PATHS = NO;
				EXECUTABLE_PREFIX = lib;
				GCC_PREBUILD_PREFIX_HEADER = YES;
				GCC_PRECOMPILE_PREFIX_HEADER = YES;
				GCC_PREFIX_HEADER = ../../../src/crap/precompiled.h;
				HEADER_SEARCH_PATHS = (
					../../../src/crap,
					../../../lib,
				);
				OBJROOT = ../../../build/xcode/crap;
				PRODUCT_NAME = "$(TARGET_NAME)";
				SYMROOT = ../../../bin/xcode/crap;
				USER_HEADER_SEARCH_PATHS = "";
			};
			name = Release;
		};
/* End XCBuildConfiguration section */

/* Begin XCConfigurationList section */
		B5EC3CF0164EAB380053AEF0 /* Build configuration list for PBXProject "CRAPbasic" */ = {
			isa = XCConfigurationList;
			buildConfigurations = (
				B5EC3CF8164EAB390053AEF0 /* Debug */,
				B5EC3CF9164EAB390053AEF0 /* Release */,
			);
			defaultConfigurationIsVisible = 0;
			defaultConfigurationName = Release;
		};
		B5EC3CFA164EAB390053AEF0 /* Build configuration list for PBXNativeTarget "CRAPbasic" */ = {
			isa = XCConfigurationList;
			buildConfigurations = (
				B5EC3CFB164EAB390053AEF0 /* Debug */,
				B5EC3CFC164EAB390053AEF0 /* Release */,
			);
			defaultConfigurationIsVisible = 0;
		};
/* End XCConfigurationList section */
	};
	rootObject = B5EC3CED164EAB380053AEF0 /* Project object */;
}
