// !$*UTF8*$!
{
	archiveVersion = 1;
	classes = {
	};
	objectVersion = 46;
	objects = {

/* Begin PBXBuildFile section */
		B5EC3DC8164ECBAD0053AEF0 /* AssertException.cpp in Sources */ = {isa = PBXBuildFile; fileRef = B5EC3DA2164ECBAC0053AEF0 /* AssertException.cpp */; };
		B5EC3DCB164ECBAD0053AEF0 /* Checks.cpp in Sources */ = {isa = PBXBuildFile; fileRef = B5EC3DA5164ECBAC0053AEF0 /* Checks.cpp */; };
		B5EC3DCE164ECBAD0053AEF0 /* CurrentTest.cpp in Sources */ = {isa = PBXBuildFile; fileRef = B5EC3DA8164ECBAC0053AEF0 /* CurrentTest.cpp */; };
		B5EC3DD0164ECBAD0053AEF0 /* DeferredTestReporter.cpp in Sources */ = {isa = PBXBuildFile; fileRef = B5EC3DAA164ECBAC0053AEF0 /* DeferredTestReporter.cpp */; };
		B5EC3DD2164ECBAD0053AEF0 /* DeferredTestResult.cpp in Sources */ = {isa = PBXBuildFile; fileRef = B5EC3DAC164ECBAC0053AEF0 /* DeferredTestResult.cpp */; };
		B5EC3DD5164ECBAD0053AEF0 /* MemoryOutStream.cpp in Sources */ = {isa = PBXBuildFile; fileRef = B5EC3DAF164ECBAC0053AEF0 /* MemoryOutStream.cpp */; };
		B5EC3DD8164ECBAD0053AEF0 /* ReportAssert.cpp in Sources */ = {isa = PBXBuildFile; fileRef = B5EC3DB2164ECBAC0053AEF0 /* ReportAssert.cpp */; };
		B5EC3DDA164ECBAD0053AEF0 /* Test.cpp in Sources */ = {isa = PBXBuildFile; fileRef = B5EC3DB4164ECBAC0053AEF0 /* Test.cpp */; };
		B5EC3DDC164ECBAD0053AEF0 /* TestDetails.cpp in Sources */ = {isa = PBXBuildFile; fileRef = B5EC3DB6164ECBAC0053AEF0 /* TestDetails.cpp */; };
		B5EC3DDE164ECBAD0053AEF0 /* TestList.cpp in Sources */ = {isa = PBXBuildFile; fileRef = B5EC3DB8164ECBAC0053AEF0 /* TestList.cpp */; };
		B5EC3DE1164ECBAD0053AEF0 /* TestReporter.cpp in Sources */ = {isa = PBXBuildFile; fileRef = B5EC3DBB164ECBAC0053AEF0 /* TestReporter.cpp */; };
		B5EC3DE3164ECBAD0053AEF0 /* TestReporterStdout.cpp in Sources */ = {isa = PBXBuildFile; fileRef = B5EC3DBD164ECBAC0053AEF0 /* TestReporterStdout.cpp */; };
		B5EC3DE5164ECBAD0053AEF0 /* TestResults.cpp in Sources */ = {isa = PBXBuildFile; fileRef = B5EC3DBF164ECBAC0053AEF0 /* TestResults.cpp */; };
		B5EC3DE7164ECBAD0053AEF0 /* TestRunner.cpp in Sources */ = {isa = PBXBuildFile; fileRef = B5EC3DC1164ECBAC0053AEF0 /* TestRunner.cpp */; };
		B5EC3DEA164ECBAD0053AEF0 /* TimeConstraint.cpp in Sources */ = {isa = PBXBuildFile; fileRef = B5EC3DC4164ECBAC0053AEF0 /* TimeConstraint.cpp */; };
		B5EC3DF4164ECBF40053AEF0 /* XmlTestReporter.cpp in Sources */ = {isa = PBXBuildFile; fileRef = B5EC3DF2164ECBF40053AEF0 /* XmlTestReporter.cpp */; };
		B5EC3DFA164ECC8F0053AEF0 /* SignalTranslator.cpp in Sources */ = {isa = PBXBuildFile; fileRef = B5EC3DF6164ECC8F0053AEF0 /* SignalTranslator.cpp */; };
		B5EC3DFC164ECC8F0053AEF0 /* TimeHelpers.cpp in Sources */ = {isa = PBXBuildFile; fileRef = B5EC3DF8164ECC8F0053AEF0 /* TimeHelpers.cpp */; };
/* End PBXBuildFile section */

/* Begin PBXFileReference section */
		B5EC3D9B164ECB4D0053AEF0 /* libUnitTest.a */ = {isa = PBXFileReference; explicitFileType = archive.ar; includeInIndex = 0; path = libUnitTest.a; sourceTree = BUILT_PRODUCTS_DIR; };
		B5EC3DA2164ECBAC0053AEF0 /* AssertException.cpp */ = {isa = PBXFileReference; lastKnownFileType = sourcecode.cpp.cpp; name = AssertException.cpp; path = ../../../lib/unittest/AssertException.cpp; sourceTree = "<group>"; };
		B5EC3DA3164ECBAC0053AEF0 /* AssertException.h */ = {isa = PBXFileReference; lastKnownFileType = sourcecode.c.h; name = AssertException.h; path = ../../../lib/unittest/AssertException.h; sourceTree = "<group>"; };
		B5EC3DA4164ECBAC0053AEF0 /* CheckMacros.h */ = {isa = PBXFileReference; lastKnownFileType = sourcecode.c.h; name = CheckMacros.h; path = ../../../lib/unittest/CheckMacros.h; sourceTree = "<group>"; };
		B5EC3DA5164ECBAC0053AEF0 /* Checks.cpp */ = {isa = PBXFileReference; lastKnownFileType = sourcecode.cpp.cpp; name = Checks.cpp; path = ../../../lib/unittest/Checks.cpp; sourceTree = "<group>"; };
		B5EC3DA6164ECBAC0053AEF0 /* Checks.h */ = {isa = PBXFileReference; lastKnownFileType = sourcecode.c.h; name = Checks.h; path = ../../../lib/unittest/Checks.h; sourceTree = "<group>"; };
		B5EC3DA7164ECBAC0053AEF0 /* Config.h */ = {isa = PBXFileReference; lastKnownFileType = sourcecode.c.h; name = Config.h; path = ../../../lib/unittest/Config.h; sourceTree = "<group>"; };
		B5EC3DA8164ECBAC0053AEF0 /* CurrentTest.cpp */ = {isa = PBXFileReference; lastKnownFileType = sourcecode.cpp.cpp; name = CurrentTest.cpp; path = ../../../lib/unittest/CurrentTest.cpp; sourceTree = "<group>"; };
		B5EC3DA9164ECBAC0053AEF0 /* CurrentTest.h */ = {isa = PBXFileReference; lastKnownFileType = sourcecode.c.h; name = CurrentTest.h; path = ../../../lib/unittest/CurrentTest.h; sourceTree = "<group>"; };
		B5EC3DAA164ECBAC0053AEF0 /* DeferredTestReporter.cpp */ = {isa = PBXFileReference; lastKnownFileType = sourcecode.cpp.cpp; name = DeferredTestReporter.cpp; path = ../../../lib/unittest/DeferredTestReporter.cpp; sourceTree = "<group>"; };
		B5EC3DAB164ECBAC0053AEF0 /* DeferredTestReporter.h */ = {isa = PBXFileReference; lastKnownFileType = sourcecode.c.h; name = DeferredTestReporter.h; path = ../../../lib/unittest/DeferredTestReporter.h; sourceTree = "<group>"; };
		B5EC3DAC164ECBAC0053AEF0 /* DeferredTestResult.cpp */ = {isa = PBXFileReference; lastKnownFileType = sourcecode.cpp.cpp; name = DeferredTestResult.cpp; path = ../../../lib/unittest/DeferredTestResult.cpp; sourceTree = "<group>"; };
		B5EC3DAD164ECBAC0053AEF0 /* DeferredTestResult.h */ = {isa = PBXFileReference; lastKnownFileType = sourcecode.c.h; name = DeferredTestResult.h; path = ../../../lib/unittest/DeferredTestResult.h; sourceTree = "<group>"; };
		B5EC3DAE164ECBAC0053AEF0 /* ExecuteTest.h */ = {isa = PBXFileReference; lastKnownFileType = sourcecode.c.h; name = ExecuteTest.h; path = ../../../lib/unittest/ExecuteTest.h; sourceTree = "<group>"; };
		B5EC3DAF164ECBAC0053AEF0 /* MemoryOutStream.cpp */ = {isa = PBXFileReference; lastKnownFileType = sourcecode.cpp.cpp; name = MemoryOutStream.cpp; path = ../../../lib/unittest/MemoryOutStream.cpp; sourceTree = "<group>"; };
		B5EC3DB0164ECBAC0053AEF0 /* MemoryOutStream.h */ = {isa = PBXFileReference; lastKnownFileType = sourcecode.c.h; name = MemoryOutStream.h; path = ../../../lib/unittest/MemoryOutStream.h; sourceTree = "<group>"; };
		B5EC3DB2164ECBAC0053AEF0 /* ReportAssert.cpp */ = {isa = PBXFileReference; lastKnownFileType = sourcecode.cpp.cpp; name = ReportAssert.cpp; path = ../../../lib/unittest/ReportAssert.cpp; sourceTree = "<group>"; };
		B5EC3DB3164ECBAC0053AEF0 /* ReportAssert.h */ = {isa = PBXFileReference; lastKnownFileType = sourcecode.c.h; name = ReportAssert.h; path = ../../../lib/unittest/ReportAssert.h; sourceTree = "<group>"; };
		B5EC3DB4164ECBAC0053AEF0 /* Test.cpp */ = {isa = PBXFileReference; lastKnownFileType = sourcecode.cpp.cpp; name = Test.cpp; path = ../../../lib/unittest/Test.cpp; sourceTree = "<group>"; };
		B5EC3DB5164ECBAC0053AEF0 /* Test.h */ = {isa = PBXFileReference; lastKnownFileType = sourcecode.c.h; name = Test.h; path = ../../../lib/unittest/Test.h; sourceTree = "<group>"; };
		B5EC3DB6164ECBAC0053AEF0 /* TestDetails.cpp */ = {isa = PBXFileReference; lastKnownFileType = sourcecode.cpp.cpp; name = TestDetails.cpp; path = ../../../lib/unittest/TestDetails.cpp; sourceTree = "<group>"; };
		B5EC3DB7164ECBAC0053AEF0 /* TestDetails.h */ = {isa = PBXFileReference; lastKnownFileType = sourcecode.c.h; name = TestDetails.h; path = ../../../lib/unittest/TestDetails.h; sourceTree = "<group>"; };
		B5EC3DB8164ECBAC0053AEF0 /* TestList.cpp */ = {isa = PBXFileReference; lastKnownFileType = sourcecode.cpp.cpp; name = TestList.cpp; path = ../../../lib/unittest/TestList.cpp; sourceTree = "<group>"; };
		B5EC3DB9164ECBAC0053AEF0 /* TestList.h */ = {isa = PBXFileReference; lastKnownFileType = sourcecode.c.h; name = TestList.h; path = ../../../lib/unittest/TestList.h; sourceTree = "<group>"; };
		B5EC3DBA164ECBAC0053AEF0 /* TestMacros.h */ = {isa = PBXFileReference; lastKnownFileType = sourcecode.c.h; name = TestMacros.h; path = ../../../lib/unittest/TestMacros.h; sourceTree = "<group>"; };
		B5EC3DBB164ECBAC0053AEF0 /* TestReporter.cpp */ = {isa = PBXFileReference; lastKnownFileType = sourcecode.cpp.cpp; name = TestReporter.cpp; path = ../../../lib/unittest/TestReporter.cpp; sourceTree = "<group>"; };
		B5EC3DBC164ECBAC0053AEF0 /* TestReporter.h */ = {isa = PBXFileReference; lastKnownFileType = sourcecode.c.h; name = TestReporter.h; path = ../../../lib/unittest/TestReporter.h; sourceTree = "<group>"; };
		B5EC3DBD164ECBAC0053AEF0 /* TestReporterStdout.cpp */ = {isa = PBXFileReference; lastKnownFileType = sourcecode.cpp.cpp; name = TestReporterStdout.cpp; path = ../../../lib/unittest/TestReporterStdout.cpp; sourceTree = "<group>"; };
		B5EC3DBE164ECBAC0053AEF0 /* TestReporterStdout.h */ = {isa = PBXFileReference; lastKnownFileType = sourcecode.c.h; name = TestReporterStdout.h; path = ../../../lib/unittest/TestReporterStdout.h; sourceTree = "<group>"; };
		B5EC3DBF164ECBAC0053AEF0 /* TestResults.cpp */ = {isa = PBXFileReference; lastKnownFileType = sourcecode.cpp.cpp; name = TestResults.cpp; path = ../../../lib/unittest/TestResults.cpp; sourceTree = "<group>"; };
		B5EC3DC0164ECBAC0053AEF0 /* TestResults.h */ = {isa = PBXFileReference; lastKnownFileType = sourcecode.c.h; name = TestResults.h; path = ../../../lib/unittest/TestResults.h; sourceTree = "<group>"; };
		B5EC3DC1164ECBAC0053AEF0 /* TestRunner.cpp */ = {isa = PBXFileReference; lastKnownFileType = sourcecode.cpp.cpp; name = TestRunner.cpp; path = ../../../lib/unittest/TestRunner.cpp; sourceTree = "<group>"; };
		B5EC3DC2164ECBAC0053AEF0 /* TestRunner.h */ = {isa = PBXFileReference; lastKnownFileType = sourcecode.c.h; name = TestRunner.h; path = ../../../lib/unittest/TestRunner.h; sourceTree = "<group>"; };
		B5EC3DC3164ECBAC0053AEF0 /* TestSuite.h */ = {isa = PBXFileReference; lastKnownFileType = sourcecode.c.h; name = TestSuite.h; path = ../../../lib/unittest/TestSuite.h; sourceTree = "<group>"; };
		B5EC3DC4164ECBAC0053AEF0 /* TimeConstraint.cpp */ = {isa = PBXFileReference; lastKnownFileType = sourcecode.cpp.cpp; name = TimeConstraint.cpp; path = ../../../lib/unittest/TimeConstraint.cpp; sourceTree = "<group>"; };
		B5EC3DC5164ECBAC0053AEF0 /* TimeConstraint.h */ = {isa = PBXFileReference; lastKnownFileType = sourcecode.c.h; name = TimeConstraint.h; path = ../../../lib/unittest/TimeConstraint.h; sourceTree = "<group>"; };
		B5EC3DC6164ECBAD0053AEF0 /* TimeHelpers.h */ = {isa = PBXFileReference; lastKnownFileType = sourcecode.c.h; name = TimeHelpers.h; path = ../../../lib/unittest/TimeHelpers.h; sourceTree = "<group>"; };
		B5EC3DC7164ECBAD0053AEF0 /* UnitTest++.h */ = {isa = PBXFileReference; lastKnownFileType = sourcecode.c.h; name = "UnitTest++.h"; path = "../../../lib/unittest/UnitTest++.h"; sourceTree = "<group>"; };
		B5EC3DF2164ECBF40053AEF0 /* XmlTestReporter.cpp */ = {isa = PBXFileReference; lastKnownFileType = sourcecode.cpp.cpp; name = XmlTestReporter.cpp; path = ../../../lib/unittest/XmlTestReporter.cpp; sourceTree = "<group>"; };
		B5EC3DF3164ECBF40053AEF0 /* XmlTestReporter.h */ = {isa = PBXFileReference; lastKnownFileType = sourcecode.c.h; name = XmlTestReporter.h; path = ../../../lib/unittest/XmlTestReporter.h; sourceTree = "<group>"; };
		B5EC3DF6164ECC8F0053AEF0 /* SignalTranslator.cpp */ = {isa = PBXFileReference; lastKnownFileType = sourcecode.cpp.cpp; name = SignalTranslator.cpp; path = ../../../lib/unittest/Posix/SignalTranslator.cpp; sourceTree = "<group>"; };
		B5EC3DF7164ECC8F0053AEF0 /* SignalTranslator.h */ = {isa = PBXFileReference; lastKnownFileType = sourcecode.c.h; name = SignalTranslator.h; path = ../../../lib/unittest/Posix/SignalTranslator.h; sourceTree = "<group>"; };
		B5EC3DF8164ECC8F0053AEF0 /* TimeHelpers.cpp */ = {isa = PBXFileReference; lastKnownFileType = sourcecode.cpp.cpp; name = TimeHelpers.cpp; path = ../../../lib/unittest/Posix/TimeHelpers.cpp; sourceTree = "<group>"; };
		B5EC3DF9164ECC8F0053AEF0 /* TimeHelpers.h */ = {isa = PBXFileReference; lastKnownFileType = sourcecode.c.h; name = TimeHelpers.h; path = ../../../lib/unittest/Posix/TimeHelpers.h; sourceTree = "<group>"; };
/* End PBXFileReference section */

/* Begin PBXFrameworksBuildPhase section */
		B5EC3D98164ECB4D0053AEF0 /* Frameworks */ = {
			isa = PBXFrameworksBuildPhase;
			buildActionMask = 2147483647;
			files = (
			);
			runOnlyForDeploymentPostprocessing = 0;
		};
/* End PBXFrameworksBuildPhase section */

/* Begin PBXGroup section */
		B5EC3D90164ECB4D0053AEF0 = {
			isa = PBXGroup;
			children = (
				B5EC3DF6164ECC8F0053AEF0 /* SignalTranslator.cpp */,
				B5EC3DF7164ECC8F0053AEF0 /* SignalTranslator.h */,
				B5EC3DF8164ECC8F0053AEF0 /* TimeHelpers.cpp */,
				B5EC3DF9164ECC8F0053AEF0 /* TimeHelpers.h */,
				B5EC3DF2164ECBF40053AEF0 /* XmlTestReporter.cpp */,
				B5EC3DF3164ECBF40053AEF0 /* XmlTestReporter.h */,
				B5EC3DA2164ECBAC0053AEF0 /* AssertException.cpp */,
				B5EC3DA3164ECBAC0053AEF0 /* AssertException.h */,
				B5EC3DA4164ECBAC0053AEF0 /* CheckMacros.h */,
				B5EC3DA5164ECBAC0053AEF0 /* Checks.cpp */,
				B5EC3DA6164ECBAC0053AEF0 /* Checks.h */,
				B5EC3DA7164ECBAC0053AEF0 /* Config.h */,
				B5EC3DA8164ECBAC0053AEF0 /* CurrentTest.cpp */,
				B5EC3DA9164ECBAC0053AEF0 /* CurrentTest.h */,
				B5EC3DAA164ECBAC0053AEF0 /* DeferredTestReporter.cpp */,
				B5EC3DAB164ECBAC0053AEF0 /* DeferredTestReporter.h */,
				B5EC3DAC164ECBAC0053AEF0 /* DeferredTestResult.cpp */,
				B5EC3DAD164ECBAC0053AEF0 /* DeferredTestResult.h */,
				B5EC3DAE164ECBAC0053AEF0 /* ExecuteTest.h */,
				B5EC3DAF164ECBAC0053AEF0 /* MemoryOutStream.cpp */,
				B5EC3DB0164ECBAC0053AEF0 /* MemoryOutStream.h */,
				B5EC3DB2164ECBAC0053AEF0 /* ReportAssert.cpp */,
				B5EC3DB3164ECBAC0053AEF0 /* ReportAssert.h */,
				B5EC3DB4164ECBAC0053AEF0 /* Test.cpp */,
				B5EC3DB5164ECBAC0053AEF0 /* Test.h */,
				B5EC3DB6164ECBAC0053AEF0 /* TestDetails.cpp */,
				B5EC3DB7164ECBAC0053AEF0 /* TestDetails.h */,
				B5EC3DB8164ECBAC0053AEF0 /* TestList.cpp */,
				B5EC3DB9164ECBAC0053AEF0 /* TestList.h */,
				B5EC3DBA164ECBAC0053AEF0 /* TestMacros.h */,
				B5EC3DBB164ECBAC0053AEF0 /* TestReporter.cpp */,
				B5EC3DBC164ECBAC0053AEF0 /* TestReporter.h */,
				B5EC3DBD164ECBAC0053AEF0 /* TestReporterStdout.cpp */,
				B5EC3DBE164ECBAC0053AEF0 /* TestReporterStdout.h */,
				B5EC3DBF164ECBAC0053AEF0 /* TestResults.cpp */,
				B5EC3DC0164ECBAC0053AEF0 /* TestResults.h */,
				B5EC3DC1164ECBAC0053AEF0 /* TestRunner.cpp */,
				B5EC3DC2164ECBAC0053AEF0 /* TestRunner.h */,
				B5EC3DC3164ECBAC0053AEF0 /* TestSuite.h */,
				B5EC3DC4164ECBAC0053AEF0 /* TimeConstraint.cpp */,
				B5EC3DC5164ECBAC0053AEF0 /* TimeConstraint.h */,
				B5EC3DC6164ECBAD0053AEF0 /* TimeHelpers.h */,
				B5EC3DC7164ECBAD0053AEF0 /* UnitTest++.h */,
				B5EC3D9C164ECB4D0053AEF0 /* Products */,
			);
			sourceTree = "<group>";
		};
		B5EC3D9C164ECB4D0053AEF0 /* Products */ = {
			isa = PBXGroup;
			children = (
				B5EC3D9B164ECB4D0053AEF0 /* libUnitTest.a */,
			);
			name = Products;
			sourceTree = "<group>";
		};
/* End PBXGroup section */

/* Begin PBXHeadersBuildPhase section */
		B5EC3D99164ECB4D0053AEF0 /* Headers */ = {
			isa = PBXHeadersBuildPhase;
			buildActionMask = 2147483647;
			files = (
			);
			runOnlyForDeploymentPostprocessing = 0;
		};
/* End PBXHeadersBuildPhase section */

/* Begin PBXNativeTarget section */
		B5EC3D9A164ECB4D0053AEF0 /* UnitTest */ = {
			isa = PBXNativeTarget;
			buildConfigurationList = B5EC3D9F164ECB4D0053AEF0 /* Build configuration list for PBXNativeTarget "UnitTest" */;
			buildPhases = (
				B5EC3D97164ECB4D0053AEF0 /* Sources */,
				B5EC3D98164ECB4D0053AEF0 /* Frameworks */,
				B5EC3D99164ECB4D0053AEF0 /* Headers */,
			);
			buildRules = (
			);
			dependencies = (
			);
			name = UnitTest;
			productName = UnitTest;
			productReference = B5EC3D9B164ECB4D0053AEF0 /* libUnitTest.a */;
			productType = "com.apple.product-type.library.static";
		};
/* End PBXNativeTarget section */

/* Begin PBXProject section */
		B5EC3D92164ECB4D0053AEF0 /* Project object */ = {
			isa = PBXProject;
			buildConfigurationList = B5EC3D95164ECB4D0053AEF0 /* Build configuration list for PBXProject "UnitTest" */;
			compatibilityVersion = "Xcode 3.2";
			developmentRegion = English;
			hasScannedForEncodings = 0;
			knownRegions = (
				en,
			);
			mainGroup = B5EC3D90164ECB4D0053AEF0;
			productRefGroup = B5EC3D9C164ECB4D0053AEF0 /* Products */;
			projectDirPath = "";
			projectRoot = "";
			targets = (
				B5EC3D9A164ECB4D0053AEF0 /* UnitTest */,
			);
		};
/* End PBXProject section */

/* Begin PBXSourcesBuildPhase section */
		B5EC3D97164ECB4D0053AEF0 /* Sources */ = {
			isa = PBXSourcesBuildPhase;
			buildActionMask = 2147483647;
			files = (
				B5EC3DC8164ECBAD0053AEF0 /* AssertException.cpp in Sources */,
				B5EC3DCB164ECBAD0053AEF0 /* Checks.cpp in Sources */,
				B5EC3DCE164ECBAD0053AEF0 /* CurrentTest.cpp in Sources */,
				B5EC3DD0164ECBAD0053AEF0 /* DeferredTestReporter.cpp in Sources */,
				B5EC3DD2164ECBAD0053AEF0 /* DeferredTestResult.cpp in Sources */,
				B5EC3DD5164ECBAD0053AEF0 /* MemoryOutStream.cpp in Sources */,
				B5EC3DD8164ECBAD0053AEF0 /* ReportAssert.cpp in Sources */,
				B5EC3DDA164ECBAD0053AEF0 /* Test.cpp in Sources */,
				B5EC3DF4164ECBF40053AEF0 /* XmlTestReporter.cpp in Sources */,
				B5EC3DFA164ECC8F0053AEF0 /* SignalTranslator.cpp in Sources */,
				B5EC3DFC164ECC8F0053AEF0 /* TimeHelpers.cpp in Sources */,
				B5EC3DDC164ECBAD0053AEF0 /* TestDetails.cpp in Sources */,
				B5EC3DDE164ECBAD0053AEF0 /* TestList.cpp in Sources */,
				B5EC3DE1164ECBAD0053AEF0 /* TestReporter.cpp in Sources */,
				B5EC3DE3164ECBAD0053AEF0 /* TestReporterStdout.cpp in Sources */,
				B5EC3DE5164ECBAD0053AEF0 /* TestResults.cpp in Sources */,
				B5EC3DE7164ECBAD0053AEF0 /* TestRunner.cpp in Sources */,
				B5EC3DEA164ECBAD0053AEF0 /* TimeConstraint.cpp in Sources */,
			);
			runOnlyForDeploymentPostprocessing = 0;
		};
/* End PBXSourcesBuildPhase section */

/* Begin XCBuildConfiguration section */
		B5EC3D9D164ECB4D0053AEF0 /* Debug */ = {
			isa = XCBuildConfiguration;
			buildSettings = {
				ALWAYS_SEARCH_USER_PATHS = NO;
				ARCHS = "$(ARCHS_STANDARD_64_BIT)";
				COPY_PHASE_STRIP = NO;
				GCC_C_LANGUAGE_STANDARD = gnu99;
				GCC_DYNAMIC_NO_PIC = NO;
				GCC_ENABLE_OBJC_EXCEPTIONS = YES;
				GCC_OPTIMIZATION_LEVEL = 0;
				GCC_PREPROCESSOR_DEFINITIONS = (
					"DEBUG=1",
					"$(inherited)",
				);
				GCC_SYMBOLS_PRIVATE_EXTERN = NO;
				GCC_VERSION = com.apple.compilers.llvm.clang.1_0;
				GCC_WARN_64_TO_32_BIT_CONVERSION = YES;
				GCC_WARN_ABOUT_MISSING_PROTOTYPES = YES;
				GCC_WARN_ABOUT_RETURN_TYPE = YES;
				GCC_WARN_UNUSED_VARIABLE = YES;
				MACOSX_DEPLOYMENT_TARGET = 10.7;
				ONLY_ACTIVE_ARCH = YES;
				SDKROOT = macosx;
			};
			name = Debug;
		};
		B5EC3D9E164ECB4D0053AEF0 /* Release */ = {
			isa = XCBuildConfiguration;
			buildSettings = {
				ALWAYS_SEARCH_USER_PATHS = NO;
				ARCHS = "$(ARCHS_STANDARD_64_BIT)";
				COPY_PHASE_STRIP = YES;
				DEBUG_INFORMATION_FORMAT = "dwarf-with-dsym";
				GCC_C_LANGUAGE_STANDARD = gnu99;
				GCC_ENABLE_OBJC_EXCEPTIONS = YES;
				GCC_VERSION = com.apple.compilers.llvm.clang.1_0;
				GCC_WARN_64_TO_32_BIT_CONVERSION = YES;
				GCC_WARN_ABOUT_MISSING_PROTOTYPES = YES;
				GCC_WARN_ABOUT_RETURN_TYPE = YES;
				GCC_WARN_UNUSED_VARIABLE = YES;
				MACOSX_DEPLOYMENT_TARGET = 10.7;
				SDKROOT = macosx;
			};
			name = Release;
		};
		B5EC3DA0164ECB4D0053AEF0 /* Debug */ = {
			isa = XCBuildConfiguration;
			buildSettings = {
				EXECUTABLE_PREFIX = lib;
				HEADER_SEARCH_PATHS = ../../../lib/unittest;
				OBJROOT = ../../../build/xcode/unittest;
				PRODUCT_NAME = "$(TARGET_NAME)";
				SYMROOT = ../../../bin/xcode/unittest;
			};
			name = Debug;
		};
		B5EC3DA1164ECB4D0053AEF0 /* Release */ = {
			isa = XCBuildConfiguration;
			buildSettings = {
				EXECUTABLE_PREFIX = lib;
				HEADER_SEARCH_PATHS = ../../../lib/unittest;
				OBJROOT = ../../../build/xcode/unittest;
				PRODUCT_NAME = "$(TARGET_NAME)";
				SYMROOT = ../../../bin/xcode/unittest;
			};
			name = Release;
		};
/* End XCBuildConfiguration section */

/* Begin XCConfigurationList section */
		B5EC3D95164ECB4D0053AEF0 /* Build configuration list for PBXProject "UnitTest" */ = {
			isa = XCConfigurationList;
			buildConfigurations = (
				B5EC3D9D164ECB4D0053AEF0 /* Debug */,
				B5EC3D9E164ECB4D0053AEF0 /* Release */,
			);
			defaultConfigurationIsVisible = 0;
			defaultConfigurationName = Release;
		};
		B5EC3D9F164ECB4D0053AEF0 /* Build configuration list for PBXNativeTarget "UnitTest" */ = {
			isa = XCConfigurationList;
			buildConfigurations = (
				B5EC3DA0164ECB4D0053AEF0 /* Debug */,
				B5EC3DA1164ECB4D0053AEF0 /* Release */,
			);
			defaultConfigurationIsVisible = 0;
		};
/* End XCConfigurationList section */
	};
	rootObject = B5EC3D92164ECB4D0053AEF0 /* Project object */;
}
