<?xml version="1.0" encoding="utf-8"?>
<Project ToolsVersion="4.0" xmlns="http://schemas.microsoft.com/developer/msbuild/2003">
  <ItemGroup>
    <Filter Include="Source Files">
      <UniqueIdentifier>{4FC737F1-C7A5-4376-A066-2A32D752A2FF}</UniqueIdentifier>
      <Extensions>cpp;c;cc;cxx;def;odl;idl;hpj;bat;asm;asmx</Extensions>
    </Filter>
    <Filter Include="Header Files">
      <UniqueIdentifier>{93995380-89BD-4b04-88EB-625FBE52EBFB}</UniqueIdentifier>
      <Extensions>h;hpp;hxx;hm;inl;inc;xsd</Extensions>
    </Filter>
    <Filter Include="Resource Files">
      <UniqueIdentifier>{67DA6AB6-F800-4c08-8B7A-83BB121AAD01}</UniqueIdentifier>
      <Extensions>rc;ico;cur;bmp;dlg;rc2;rct;bin;rgs;gif;jpg;jpeg;jpe;resx;tiff;tif;png;wav;mfcribbon-ms</Extensions>
    </Filter>
    <Filter Include="lib">
      <UniqueIdentifier>{03623bea-d7b0-4f99-9ea1-71769e63a3f3}</UniqueIdentifier>
    </Filter>
    <Filter Include="lib\glfw">
      <UniqueIdentifier>{b8d5801e-0cb7-4e7c-b0c8-30dd397e31c5}</UniqueIdentifier>
    </Filter>
    <Filter Include="lib\glfw\win32">
      <UniqueIdentifier>{54cdbe82-3901-4e42-976e-00e168c18c3f}</UniqueIdentifier>
    </Filter>
  </ItemGroup>
  <ItemGroup>
    <ClInclude Include="..\..\..\lib\glfw\lib\internal.h">
      <Filter>lib\glfw</Filter>
    </ClInclude>
    <ClInclude Include="..\..\..\lib\glfw\lib\win32\platform.h">
      <Filter>lib\glfw\win32</Filter>
    </ClInclude>
    <ClInclude Include="..\..\..\src\crapdisplay\crapwindow.h">
      <Filter>Header Files</Filter>
    </ClInclude>
  </ItemGroup>
  <ItemGroup>
    <ClCompile Include="..\..\..\lib\glfw\lib\fullscreen.c">
      <Filter>lib\glfw</Filter>
    </ClCompile>
    <ClCompile Include="..\..\..\lib\glfw\lib\glext.c">
      <Filter>lib\glfw</Filter>
    </ClCompile>
    <ClCompile Include="..\..\..\lib\glfw\lib\image.c">
      <Filter>lib\glfw</Filter>
    </ClCompile>
    <ClCompile Include="..\..\..\lib\glfw\lib\init.c">
      <Filter>lib\glfw</Filter>
    </ClCompile>
    <ClCompile Include="..\..\..\lib\glfw\lib\input.c">
      <Filter>lib\glfw</Filter>
    </ClCompile>
    <ClCompile Include="..\..\..\lib\glfw\lib\joystick.c">
      <Filter>lib\glfw</Filter>
    </ClCompile>
    <ClCompile Include="..\..\..\lib\glfw\lib\stream.c">
      <Filter>lib\glfw</Filter>
    </ClCompile>
    <ClCompile Include="..\..\..\lib\glfw\lib\tga.c">
      <Filter>lib\glfw</Filter>
    </ClCompile>
    <ClCompile Include="..\..\..\lib\glfw\lib\thread.c">
      <Filter>lib\glfw</Filter>
    </ClCompile>
    <ClCompile Include="..\..\..\lib\glfw\lib\time.c">
      <Filter>lib\glfw</Filter>
    </ClCompile>
    <ClCompile Include="..\..\..\lib\glfw\lib\window.c">
      <Filter>lib\glfw</Filter>
    </ClCompile>
    <ClCompile Include="..\..\..\lib\glfw\lib\enable.c">
      <Filter>lib\glfw</Filter>
    </ClCompile>
    <ClCompile Include="..\..\..\lib\glfw\lib\win32\win32_init.c">
      <Filter>lib\glfw\win32</Filter>
    </ClCompile>
    <ClCompile Include="..\..\..\lib\glfw\lib\win32\win32_joystick.c">
      <Filter>lib\glfw\win32</Filter>
    </ClCompile>
    <ClCompile Include="..\..\..\lib\glfw\lib\win32\win32_thread.c">
      <Filter>lib\glfw\win32</Filter>
    </ClCompile>
    <ClCompile Include="..\..\..\lib\glfw\lib\win32\win32_time.c">
      <Filter>lib\glfw\win32</Filter>
    </ClCompile>
    <ClCompile Include="..\..\..\lib\glfw\lib\win32\win32_window.c">
      <Filter>lib\glfw\win32</Filter>
    </ClCompile>
    <ClCompile Include="..\..\..\lib\glfw\lib\win32\win32_dllmain.c">
      <Filter>lib\glfw\win32</Filter>
    </ClCompile>
    <ClCompile Include="..\..\..\lib\glfw\lib\win32\win32_enable.c">
      <Filter>lib\glfw\win32</Filter>
    </ClCompile>
    <ClCompile Include="..\..\..\lib\glfw\lib\win32\win32_fullscreen.c">
      <Filter>lib\glfw\win32</Filter>
    </ClCompile>
    <ClCompile Include="..\..\..\lib\glfw\lib\win32\win32_glext.c">
      <Filter>lib\glfw\win32</Filter>
    </ClCompile>
    <ClCompile Include="..\..\..\src\crapdisplay\crapwindow.cpp">
      <Filter>Source Files</Filter>
    </ClCompile>
  </ItemGroup>
</Project>