<?xml version="1.0" encoding="utf-8"?>
<Project ToolsVersion="4.0" xmlns="http://schemas.microsoft.com/developer/msbuild/2003">
  <ItemGroup>
    <Filter Include="Source Files">
      <UniqueIdentifier>{4FC737F1-C7A5-4376-A066-2A32D752A2FF}</UniqueIdentifier>
      <Extensions>cpp;c;cc;cxx;def;odl;idl;hpj;bat;asm;asmx</Extensions>
    </Filter>
    <Filter Include="Header Files">
      <UniqueIdentifier>{93995380-89BD-4b04-88EB-625FBE52EBFB}</UniqueIdentifier>
      <Extensions>h;hpp;hxx;hm;inl;inc;xsd</Extensions>
    </Filter>
    <Filter Include="Resource Files">
      <UniqueIdentifier>{67DA6AB6-F800-4c08-8B7A-83BB121AAD01}</UniqueIdentifier>
      <Extensions>rc;ico;cur;bmp;dlg;rc2;rct;bin;rgs;gif;jpg;jpeg;jpe;resx;tiff;tif;png;wav;mfcribbon-ms</Extensions>
    </Filter>
    <Filter Include="Header Files\content">
      <UniqueIdentifier>{8e3d1a03-e2b6-4ed4-90e1-4e8fad195753}</UniqueIdentifier>
    </Filter>
    <Filter Include="Source Files\content">
      <UniqueIdentifier>{8fd469fd-1fe2-42cb-bbb3-30acb724d4ae}</UniqueIdentifier>
    </Filter>
  </ItemGroup>
  <ItemGroup>
    <ClCompile Include="..\..\..\source\SPG\main.cpp">
      <Filter>Source Files</Filter>
    </ClCompile>
    <ClCompile Include="..\..\..\source\SPG\vbo.cpp">
      <Filter>Source Files</Filter>
    </ClCompile>
    <ClCompile Include="..\..\..\source\SPG\tbo.cpp">
      <Filter>Source Files</Filter>
    </ClCompile>
    <ClCompile Include="..\..\..\source\SPG\contentmanager.cpp">
      <Filter>Source Files\content</Filter>
    </ClCompile>
    <ClCompile Include="..\..\..\source\SPG\geometryfile.cpp">
      <Filter>Source Files\content</Filter>
    </ClCompile>
    <ClCompile Include="..\..\..\source\SPG\geometrycontent.cpp">
      <Filter>Source Files\content</Filter>
    </ClCompile>
    <ClCompile Include="..\..\..\source\SPG\texturecontent.cpp">
      <Filter>Source Files\content</Filter>
    </ClCompile>
    <ClCompile Include="..\..\..\source\SPG\texturefile.cpp">
      <Filter>Source Files\content</Filter>
    </ClCompile>
    <ClCompile Include="..\..\..\source\SPG\shaderfile.cpp">
      <Filter>Source Files\content</Filter>
    </ClCompile>
    <ClCompile Include="..\..\..\source\SPG\shaderconent.cpp">
      <Filter>Source Files\content</Filter>
    </ClCompile>
    <ClCompile Include="..\..\..\source\SPG\sbo.cpp">
      <Filter>Source Files</Filter>
    </ClCompile>
    <ClCompile Include="..\..\..\source\SPG\camera.cpp">
      <Filter>Source Files</Filter>
    </ClCompile>
  </ItemGroup>
  <ItemGroup>
    <ClInclude Include="..\..\..\source\SPG\precompiled.h">
      <Filter>Header Files</Filter>
    </ClInclude>
    <ClInclude Include="..\..\..\source\SPG\stringhash.h">
      <Filter>Header Files</Filter>
    </ClInclude>
    <ClInclude Include="..\..\..\source\SPG\vbo.h">
      <Filter>Header Files</Filter>
    </ClInclude>
    <ClInclude Include="..\..\..\source\SPG\tbo.h">
      <Filter>Header Files</Filter>
    </ClInclude>
    <ClInclude Include="..\..\..\source\SPG\contentmanager.h">
      <Filter>Header Files\content</Filter>
    </ClInclude>
    <ClInclude Include="..\..\..\source\SPG\geometryfile.h">
      <Filter>Header Files\content</Filter>
    </ClInclude>
    <ClInclude Include="..\..\..\source\SPG\geometrycontent.h">
      <Filter>Header Files\content</Filter>
    </ClInclude>
    <ClInclude Include="..\..\..\source\SPG\texturecontent.h">
      <Filter>Header Files\content</Filter>
    </ClInclude>
    <ClInclude Include="..\..\..\source\SPG\texturefile.h">
      <Filter>Header Files\content</Filter>
    </ClInclude>
    <ClInclude Include="..\..\..\source\SPG\shaderfile.h">
      <Filter>Header Files\content</Filter>
    </ClInclude>
    <ClInclude Include="..\..\..\source\SPG\shadercontent.h">
      <Filter>Header Files\content</Filter>
    </ClInclude>
    <ClInclude Include="..\..\..\source\SPG\sbo.h">
      <Filter>Header Files</Filter>
    </ClInclude>
    <ClInclude Include="..\..\..\source\SPG\camera.h">
      <Filter>Header Files</Filter>
    </ClInclude>
  </ItemGroup>
</Project>