<?xml version="1.0" encoding="utf-8"?>
<Project ToolsVersion="4.0" xmlns="http://schemas.microsoft.com/developer/msbuild/2003">
  <ItemGroup>
    <Filter Include="Source Files">
      <UniqueIdentifier>{4FC737F1-C7A5-4376-A066-2A32D752A2FF}</UniqueIdentifier>
      <Extensions>cpp;c;cc;cxx;def;odl;idl;hpj;bat;asm;asmx</Extensions>
    </Filter>
    <Filter Include="Header Files">
      <UniqueIdentifier>{93995380-89BD-4b04-88EB-625FBE52EBFB}</UniqueIdentifier>
      <Extensions>h;hpp;hxx;hm;inl;inc;xsd</Extensions>
    </Filter>
    <Filter Include="Resource Files">
      <UniqueIdentifier>{67DA6AB6-F800-4c08-8B7A-83BB121AAD01}</UniqueIdentifier>
      <Extensions>rc;ico;cur;bmp;dlg;rc2;rct;bin;rgs;gif;jpg;jpeg;jpe;resx;tiff;tif;png;wav;mfcribbon-ms</Extensions>
    </Filter>
    <Filter Include="Header Files\audio">
      <UniqueIdentifier>{2aa96d2d-1a87-434f-879b-e5a25b98d7f6}</UniqueIdentifier>
    </Filter>
    <Filter Include="Header Files\config">
      <UniqueIdentifier>{76b11b1c-5a0a-4598-b26f-71823ae4902f}</UniqueIdentifier>
    </Filter>
    <Filter Include="Header Files\container">
      <UniqueIdentifier>{d83afe6f-1779-428d-8734-c892f79c8103}</UniqueIdentifier>
    </Filter>
    <Filter Include="Header Files\control">
      <UniqueIdentifier>{5c2aea02-3121-4dbe-9d09-85c43a5aad0a}</UniqueIdentifier>
    </Filter>
    <Filter Include="Header Files\math">
      <UniqueIdentifier>{6aafc8c3-d2ff-4144-b2ff-abbdd24c368b}</UniqueIdentifier>
    </Filter>
    <Filter Include="Header Files\network">
      <UniqueIdentifier>{fd387abf-0be6-426f-839b-0303a0cd0934}</UniqueIdentifier>
    </Filter>
    <Filter Include="Header Files\opengl">
      <UniqueIdentifier>{21a3f6b4-a711-4a7e-a578-2ae807575cc2}</UniqueIdentifier>
    </Filter>
    <Filter Include="Header Files\threading">
      <UniqueIdentifier>{642948e4-c605-4201-8d70-1d2cd0b151ae}</UniqueIdentifier>
    </Filter>
    <Filter Include="Header Files\memory">
      <UniqueIdentifier>{f7685e54-85a9-4108-b870-f9c806b0554f}</UniqueIdentifier>
    </Filter>
    <Filter Include="Header Files\files">
      <UniqueIdentifier>{a90d31c7-ec60-4a1a-bb6c-79530d3e5617}</UniqueIdentifier>
    </Filter>
    <Filter Include="Source Files\network">
      <UniqueIdentifier>{023d450f-824c-40ad-8a7c-020b4756c3cb}</UniqueIdentifier>
    </Filter>
    <Filter Include="Source Files\audio">
      <UniqueIdentifier>{aac608bc-dbb8-4916-98b9-cf96f1f9079a}</UniqueIdentifier>
    </Filter>
    <Filter Include="Source Files\container">
      <UniqueIdentifier>{7aca59a4-74ee-4f26-908d-122bc182bd96}</UniqueIdentifier>
    </Filter>
    <Filter Include="Source Files\control">
      <UniqueIdentifier>{08f57dc4-2f70-403a-ab7e-1a6c56be8291}</UniqueIdentifier>
    </Filter>
    <Filter Include="Source Files\files">
      <UniqueIdentifier>{27242a06-b477-4193-b76c-eed7673ef981}</UniqueIdentifier>
    </Filter>
    <Filter Include="Source Files\math">
      <UniqueIdentifier>{c3ef68d9-8fad-4b87-a63e-55d7e7399fe5}</UniqueIdentifier>
    </Filter>
    <Filter Include="Source Files\threading">
      <UniqueIdentifier>{eb098f5b-f99a-4762-a532-b0b7a507c205}</UniqueIdentifier>
    </Filter>
    <Filter Include="Source Files\opengl">
      <UniqueIdentifier>{2055ae8e-a003-402a-adfe-12deafb44f97}</UniqueIdentifier>
    </Filter>
    <Filter Include="libraries">
      <UniqueIdentifier>{55c4bc3d-3d79-444b-9dca-a1b0881c2998}</UniqueIdentifier>
    </Filter>
    <Filter Include="libraries\glfw">
      <UniqueIdentifier>{6102bd9d-8001-417c-8939-f94865f7dd1e}</UniqueIdentifier>
    </Filter>
    <Filter Include="libraries\glfw\include">
      <UniqueIdentifier>{9a3d7503-704d-4a8c-b778-879cddb5ef51}</UniqueIdentifier>
    </Filter>
    <Filter Include="libraries\glfw\source">
      <UniqueIdentifier>{0f236b5b-918a-48f9-9a37-b4bd15c11313}</UniqueIdentifier>
    </Filter>
    <Filter Include="libraries\glfw\include\GL">
      <UniqueIdentifier>{2d656453-7afd-4766-925e-a0b4c35a7559}</UniqueIdentifier>
    </Filter>
    <Filter Include="libraries\glfw\source\Win32">
      <UniqueIdentifier>{b60e62c4-cb7d-424e-9321-5e0323ee3c6c}</UniqueIdentifier>
    </Filter>
    <Filter Include="libraries\glfw\include\win32">
      <UniqueIdentifier>{655f4a5c-d537-47ec-96f4-fed9191e721b}</UniqueIdentifier>
    </Filter>
    <Filter Include="libraries\openAL">
      <UniqueIdentifier>{5f565375-94b5-4199-a5f7-cef184a77662}</UniqueIdentifier>
    </Filter>
    <Filter Include="libraries\openAL\include">
      <UniqueIdentifier>{8522a11d-2130-4005-baab-580c20fc0cc7}</UniqueIdentifier>
    </Filter>
    <Filter Include="libraries\openAL\source">
      <UniqueIdentifier>{86bab048-c0c0-4b55-a1f0-01c1db3a5401}</UniqueIdentifier>
    </Filter>
    <Filter Include="libraries\glew">
      <UniqueIdentifier>{53a507d1-1cb4-405b-a16e-f7f3be110980}</UniqueIdentifier>
    </Filter>
    <Filter Include="Source Files\memory">
      <UniqueIdentifier>{5bb6a919-c950-477a-a403-2655588befed}</UniqueIdentifier>
    </Filter>
  </ItemGroup>
  <ItemGroup>
    <Text Include="ReadMe.txt" />
  </ItemGroup>
  <ItemGroup>
    <ClInclude Include="..\..\..\source\craplib\include\crap.h">
      <Filter>Header Files</Filter>
    </ClInclude>
    <ClInclude Include="..\..\..\source\craplib\include\network\addressip4.h">
      <Filter>Header Files\network</Filter>
    </ClInclude>
    <ClInclude Include="..\..\..\source\craplib\include\network\addressip6.h">
      <Filter>Header Files\network</Filter>
    </ClInclude>
    <ClInclude Include="..\..\..\source\craplib\include\memory\allocatordefault.h">
      <Filter>Header Files\memory</Filter>
    </ClInclude>
    <ClInclude Include="..\..\..\source\craplib\include\memory\allocatormalloc.h">
      <Filter>Header Files\memory</Filter>
    </ClInclude>
    <ClInclude Include="..\..\..\source\craplib\include\memory\allocatorstatic.h">
      <Filter>Header Files\memory</Filter>
    </ClInclude>
    <ClInclude Include="..\..\..\source\craplib\include\control\asserts.h">
      <Filter>Header Files\control</Filter>
    </ClInclude>
    <ClInclude Include="..\..\..\source\craplib\include\container\binarytree.h">
      <Filter>Header Files\container</Filter>
    </ClInclude>
    <ClInclude Include="..\..\..\source\craplib\include\container\bitmask.h">
      <Filter>Header Files\container</Filter>
    </ClInclude>
    <ClInclude Include="..\..\..\source\craplib\include\container\bitset.h">
      <Filter>Header Files\container</Filter>
    </ClInclude>
    <ClInclude Include="..\..\..\source\craplib\include\control\breakpoints.h">
      <Filter>Header Files\control</Filter>
    </ClInclude>
    <ClInclude Include="..\..\..\source\craplib\include\control\checkvtable.h">
      <Filter>Header Files\control</Filter>
    </ClInclude>
    <ClInclude Include="..\..\..\source\craplib\include\control\compare.h">
      <Filter>Header Files\control</Filter>
    </ClInclude>
    <ClInclude Include="..\..\..\source\craplib\include\control\converter.h">
      <Filter>Header Files\control</Filter>
    </ClInclude>
    <ClInclude Include="..\..\..\source\craplib\include\control\copyobject.h">
      <Filter>Header Files\control</Filter>
    </ClInclude>
    <ClInclude Include="..\..\..\source\craplib\include\control\cpuinfo.h">
      <Filter>Header Files\control</Filter>
    </ClInclude>
    <ClInclude Include="..\..\..\source\craplib\include\control\endian.h">
      <Filter>Header Files\control</Filter>
    </ClInclude>
    <ClInclude Include="..\..\..\source\craplib\include\files\file.h">
      <Filter>Header Files\files</Filter>
    </ClInclude>
    <ClInclude Include="..\..\..\source\craplib\include\threading\functorthread.h">
      <Filter>Header Files\threading</Filter>
    </ClInclude>
    <ClInclude Include="..\..\..\source\craplib\include\files\fileheaders.h">
      <Filter>Header Files\files</Filter>
    </ClInclude>
    <ClInclude Include="..\..\..\source\craplib\include\network\networkheaders.h">
      <Filter>Header Files\network</Filter>
    </ClInclude>
    <ClInclude Include="..\..\..\source\craplib\include\control\limits.h">
      <Filter>Header Files\control</Filter>
    </ClInclude>
    <ClInclude Include="..\..\..\source\craplib\include\container\map.h">
      <Filter>Header Files\container</Filter>
    </ClInclude>
    <ClInclude Include="..\..\..\source\craplib\include\container\list.h">
      <Filter>Header Files\container</Filter>
    </ClInclude>
    <ClInclude Include="..\..\..\source\craplib\include\memory\memorypool.h">
      <Filter>Header Files\memory</Filter>
    </ClInclude>
    <ClInclude Include="..\..\..\source\craplib\include\threading\mutex.h">
      <Filter>Header Files\threading</Filter>
    </ClInclude>
    <ClInclude Include="..\..\..\source\craplib\include\network\packet.h">
      <Filter>Header Files\network</Filter>
    </ClInclude>
    <ClInclude Include="..\..\..\source\craplib\include\container\pair.h">
      <Filter>Header Files\container</Filter>
    </ClInclude>
    <ClInclude Include="..\..\..\source\craplib\include\container\queue.h">
      <Filter>Header Files\container</Filter>
    </ClInclude>
    <ClInclude Include="..\..\..\source\craplib\include\math\random.h">
      <Filter>Header Files\math</Filter>
    </ClInclude>
    <ClInclude Include="..\..\..\source\craplib\include\threading\runnable.h">
      <Filter>Header Files\threading</Filter>
    </ClInclude>
    <ClInclude Include="..\..\..\source\craplib\include\threading\scopelock.h">
      <Filter>Header Files\threading</Filter>
    </ClInclude>
    <ClInclude Include="..\..\..\source\craplib\include\threading\semaphore.h">
      <Filter>Header Files\threading</Filter>
    </ClInclude>
    <ClInclude Include="..\..\..\source\craplib\include\threading\sleep.h">
      <Filter>Header Files\threading</Filter>
    </ClInclude>
    <ClInclude Include="..\..\..\source\craplib\include\network\sockets.h">
      <Filter>Header Files\network</Filter>
    </ClInclude>
    <ClInclude Include="..\..\..\source\craplib\include\container\stack.h">
      <Filter>Header Files\container</Filter>
    </ClInclude>
    <ClInclude Include="..\..\..\source\craplib\include\container\string.h">
      <Filter>Header Files\container</Filter>
    </ClInclude>
    <ClInclude Include="..\..\..\source\craplib\include\container\treemap.h">
      <Filter>Header Files\container</Filter>
    </ClInclude>
    <ClInclude Include="..\..\..\source\craplib\include\container\treenode.h">
      <Filter>Header Files\container</Filter>
    </ClInclude>
    <ClInclude Include="..\..\..\source\craplib\include\control\zero.h">
      <Filter>Header Files\control</Filter>
    </ClInclude>
    <ClInclude Include="..\..\..\libraries\glfw\include\GL\glfw.h">
      <Filter>libraries\glfw\include\GL</Filter>
    </ClInclude>
    <ClInclude Include="..\..\..\libraries\glfw\lib\win32\platform.h">
      <Filter>libraries\glfw\include\win32</Filter>
    </ClInclude>
    <ClInclude Include="..\..\..\libraries\glfw\lib\internal.h">
      <Filter>libraries\glfw\include</Filter>
    </ClInclude>
    <ClInclude Include="..\..\..\source\craplib\include\control\craptime.h">
      <Filter>Header Files\control</Filter>
    </ClInclude>
    <ClInclude Include="..\..\..\source\craplib\include\config\config_compilers.h">
      <Filter>Header Files\config</Filter>
    </ClInclude>
    <ClInclude Include="..\..\..\source\craplib\include\config\config_endianness.h">
      <Filter>Header Files\config</Filter>
    </ClInclude>
    <ClInclude Include="..\..\..\source\craplib\include\config\config_files.h">
      <Filter>Header Files\config</Filter>
    </ClInclude>
    <ClInclude Include="..\..\..\source\craplib\include\config\config_math.h">
      <Filter>Header Files\config</Filter>
    </ClInclude>
    <ClInclude Include="..\..\..\source\craplib\include\config\config_memory.h">
      <Filter>Header Files\config</Filter>
    </ClInclude>
    <ClInclude Include="..\..\..\source\craplib\include\config\config_network.h">
      <Filter>Header Files\config</Filter>
    </ClInclude>
    <ClInclude Include="..\..\..\source\craplib\include\config\config_platforms.h">
      <Filter>Header Files\config</Filter>
    </ClInclude>
    <ClInclude Include="..\..\..\source\craplib\include\config\config_processors.h">
      <Filter>Header Files\config</Filter>
    </ClInclude>
    <ClInclude Include="..\..\..\source\craplib\include\config\config_simd.h">
      <Filter>Header Files\config</Filter>
    </ClInclude>
    <ClInclude Include="..\..\..\source\craplib\include\config\config_threading.h">
      <Filter>Header Files\config</Filter>
    </ClInclude>
    <ClInclude Include="..\..\..\source\craplib\include\config\config_types.h">
      <Filter>Header Files\config</Filter>
    </ClInclude>
    <ClInclude Include="..\..\..\source\craplib\include\math\basemath.h">
      <Filter>Header Files\math</Filter>
    </ClInclude>
    <ClInclude Include="..\..\..\source\craplib\include\threading\runthread.h">
      <Filter>Header Files\threading</Filter>
    </ClInclude>
    <ClInclude Include="..\..\..\source\craplib\include\audio\audiodevice.h">
      <Filter>Header Files\audio</Filter>
    </ClInclude>
    <ClInclude Include="..\..\..\source\craplib\include\math\matrix3.h">
      <Filter>Header Files\math</Filter>
    </ClInclude>
    <ClInclude Include="..\..\..\source\craplib\include\math\matrix4.h">
      <Filter>Header Files\math</Filter>
    </ClInclude>
    <ClInclude Include="..\..\..\source\craplib\include\math\vector2.h">
      <Filter>Header Files\math</Filter>
    </ClInclude>
    <ClInclude Include="..\..\..\source\craplib\include\math\vector3.h">
      <Filter>Header Files\math</Filter>
    </ClInclude>
    <ClInclude Include="..\..\..\source\craplib\include\math\vector4.h">
      <Filter>Header Files\math</Filter>
    </ClInclude>
    <ClInclude Include="..\..\..\source\craplib\include\math\geometry.h">
      <Filter>Header Files\math</Filter>
    </ClInclude>
    <ClInclude Include="..\..\..\source\craplib\include\math\matrix2.h">
      <Filter>Header Files\math</Filter>
    </ClInclude>
    <ClInclude Include="..\..\..\source\craplib\include\config\config_logger.h">
      <Filter>Header Files\config</Filter>
    </ClInclude>
    <ClInclude Include="..\..\..\source\craplib\include\control\logger.h">
      <Filter>Header Files\control</Filter>
    </ClInclude>
    <ClInclude Include="..\..\..\source\craplib\include\container\fixedstring.h">
      <Filter>Header Files\container</Filter>
    </ClInclude>
    <ClInclude Include="..\..\..\source\craplib\include\opengl\keyboard.h">
      <Filter>Header Files\opengl</Filter>
    </ClInclude>
    <ClInclude Include="..\..\..\source\craplib\include\opengl\mouse.h">
      <Filter>Header Files\opengl</Filter>
    </ClInclude>
    <ClInclude Include="..\..\..\source\craplib\include\opengl\renderwindow.h">
      <Filter>Header Files\opengl</Filter>
    </ClInclude>
    <ClInclude Include="..\..\..\source\craplib\include\opengl\controller.h">
      <Filter>Header Files\opengl</Filter>
    </ClInclude>
    <ClInclude Include="..\..\..\source\craplib\include\config\config_sound.h">
      <Filter>Header Files\config</Filter>
    </ClInclude>
    <ClInclude Include="..\..\..\source\craplib\include\opengl\setup.h">
      <Filter>Header Files\opengl</Filter>
    </ClInclude>
    <ClInclude Include="..\..\..\source\craplib\include\container\intrusivelist.h">
      <Filter>Header Files\container</Filter>
    </ClInclude>
  </ItemGroup>
  <ItemGroup>
    <ClCompile Include="..\..\..\source\craplib\source\network\addressip4.cpp">
      <Filter>Source Files\network</Filter>
    </ClCompile>
    <ClCompile Include="..\..\..\source\craplib\source\network\addressip6.cpp">
      <Filter>Source Files\network</Filter>
    </ClCompile>
    <ClCompile Include="..\..\..\source\craplib\source\network\networkheaders.cpp">
      <Filter>Source Files\network</Filter>
    </ClCompile>
    <ClCompile Include="..\..\..\source\craplib\source\container\bitmask.cpp">
      <Filter>Source Files\container</Filter>
    </ClCompile>
    <ClCompile Include="..\..\..\source\craplib\source\control\cpuinfo.cpp">
      <Filter>Source Files\control</Filter>
    </ClCompile>
    <ClCompile Include="..\..\..\source\craplib\source\control\limits.cpp">
      <Filter>Source Files\control</Filter>
    </ClCompile>
    <ClCompile Include="..\..\..\source\craplib\source\control\zero.cpp">
      <Filter>Source Files\control</Filter>
    </ClCompile>
    <ClCompile Include="..\..\..\source\craplib\source\files\file.cpp">
      <Filter>Source Files\files</Filter>
    </ClCompile>
    <ClCompile Include="..\..\..\source\craplib\source\threading\mutex.cpp">
      <Filter>Source Files\threading</Filter>
    </ClCompile>
    <ClCompile Include="..\..\..\source\craplib\source\threading\runnable.cpp">
      <Filter>Source Files\threading</Filter>
    </ClCompile>
    <ClCompile Include="..\..\..\source\craplib\source\threading\scopelock.cpp">
      <Filter>Source Files\threading</Filter>
    </ClCompile>
    <ClCompile Include="..\..\..\source\craplib\source\threading\semaphore.cpp">
      <Filter>Source Files\threading</Filter>
    </ClCompile>
    <ClCompile Include="..\..\..\source\craplib\source\threading\sleep.cpp">
      <Filter>Source Files\threading</Filter>
    </ClCompile>
    <ClCompile Include="..\..\..\libraries\glfw\lib\enable.c">
      <Filter>libraries\glfw\source</Filter>
    </ClCompile>
    <ClCompile Include="..\..\..\libraries\glfw\lib\fullscreen.c">
      <Filter>libraries\glfw\source</Filter>
    </ClCompile>
    <ClCompile Include="..\..\..\libraries\glfw\lib\glext.c">
      <Filter>libraries\glfw\source</Filter>
    </ClCompile>
    <ClCompile Include="..\..\..\libraries\glfw\lib\image.c">
      <Filter>libraries\glfw\source</Filter>
    </ClCompile>
    <ClCompile Include="..\..\..\libraries\glfw\lib\init.c">
      <Filter>libraries\glfw\source</Filter>
    </ClCompile>
    <ClCompile Include="..\..\..\libraries\glfw\lib\input.c">
      <Filter>libraries\glfw\source</Filter>
    </ClCompile>
    <ClCompile Include="..\..\..\libraries\glfw\lib\joystick.c">
      <Filter>libraries\glfw\source</Filter>
    </ClCompile>
    <ClCompile Include="..\..\..\libraries\glfw\lib\stream.c">
      <Filter>libraries\glfw\source</Filter>
    </ClCompile>
    <ClCompile Include="..\..\..\libraries\glfw\lib\tga.c">
      <Filter>libraries\glfw\source</Filter>
    </ClCompile>
    <ClCompile Include="..\..\..\libraries\glfw\lib\thread.c">
      <Filter>libraries\glfw\source</Filter>
    </ClCompile>
    <ClCompile Include="..\..\..\libraries\glfw\lib\time.c">
      <Filter>libraries\glfw\source</Filter>
    </ClCompile>
    <ClCompile Include="..\..\..\libraries\glfw\lib\window.c">
      <Filter>libraries\glfw\source</Filter>
    </ClCompile>
    <ClCompile Include="..\..\..\libraries\glfw\lib\win32\win32_dllmain.c">
      <Filter>libraries\glfw\source\Win32</Filter>
    </ClCompile>
    <ClCompile Include="..\..\..\libraries\glfw\lib\win32\win32_enable.c">
      <Filter>libraries\glfw\source\Win32</Filter>
    </ClCompile>
    <ClCompile Include="..\..\..\libraries\glfw\lib\win32\win32_fullscreen.c">
      <Filter>libraries\glfw\source\Win32</Filter>
    </ClCompile>
    <ClCompile Include="..\..\..\libraries\glfw\lib\win32\win32_glext.c">
      <Filter>libraries\glfw\source\Win32</Filter>
    </ClCompile>
    <ClCompile Include="..\..\..\libraries\glfw\lib\win32\win32_init.c">
      <Filter>libraries\glfw\source\Win32</Filter>
    </ClCompile>
    <ClCompile Include="..\..\..\libraries\glfw\lib\win32\win32_joystick.c">
      <Filter>libraries\glfw\source\Win32</Filter>
    </ClCompile>
    <ClCompile Include="..\..\..\libraries\glfw\lib\win32\win32_thread.c">
      <Filter>libraries\glfw\source\Win32</Filter>
    </ClCompile>
    <ClCompile Include="..\..\..\libraries\glfw\lib\win32\win32_time.c">
      <Filter>libraries\glfw\source\Win32</Filter>
    </ClCompile>
    <ClCompile Include="..\..\..\libraries\glfw\lib\win32\win32_window.c">
      <Filter>libraries\glfw\source\Win32</Filter>
    </ClCompile>
    <ClCompile Include="..\..\..\source\craplib\source\control\craptime.cpp">
      <Filter>Source Files\control</Filter>
    </ClCompile>
    <ClCompile Include="..\..\..\source\craplib\source\threading\runthread.cpp">
      <Filter>Source Files\threading</Filter>
    </ClCompile>
    <ClCompile Include="..\..\..\source\craplib\source\audio\audiodevice.cpp">
      <Filter>Source Files\audio</Filter>
    </ClCompile>
    <ClCompile Include="..\..\..\libraries\openal\OpenAL32\alAuxEffectSlot.c">
      <Filter>libraries\openAL\source</Filter>
    </ClCompile>
    <ClCompile Include="..\..\..\libraries\openal\OpenAL32\alBuffer.c">
      <Filter>libraries\openAL\source</Filter>
    </ClCompile>
    <ClCompile Include="..\..\..\libraries\openal\OpenAL32\alEffect.c">
      <Filter>libraries\openAL\source</Filter>
    </ClCompile>
    <ClCompile Include="..\..\..\libraries\openal\OpenAL32\alError.c">
      <Filter>libraries\openAL\source</Filter>
    </ClCompile>
    <ClCompile Include="..\..\..\libraries\openal\OpenAL32\alExtension.c">
      <Filter>libraries\openAL\source</Filter>
    </ClCompile>
    <ClCompile Include="..\..\..\libraries\openal\OpenAL32\alFilter.c">
      <Filter>libraries\openAL\source</Filter>
    </ClCompile>
    <ClCompile Include="..\..\..\libraries\openal\OpenAL32\alListener.c">
      <Filter>libraries\openAL\source</Filter>
    </ClCompile>
    <ClCompile Include="..\..\..\libraries\openal\OpenAL32\alSource.c">
      <Filter>libraries\openAL\source</Filter>
    </ClCompile>
    <ClCompile Include="..\..\..\libraries\openal\OpenAL32\alState.c">
      <Filter>libraries\openAL\source</Filter>
    </ClCompile>
    <ClCompile Include="..\..\..\libraries\openal\OpenAL32\alThunk.c">
      <Filter>libraries\openAL\source</Filter>
    </ClCompile>
    <ClCompile Include="..\..\..\libraries\openal\Alc\alcFlanger.c">
      <Filter>libraries\openAL\source</Filter>
    </ClCompile>
    <ClCompile Include="..\..\..\libraries\openal\Alc\alcModulator.c">
      <Filter>libraries\openAL\source</Filter>
    </ClCompile>
    <ClCompile Include="..\..\..\libraries\openal\Alc\alcReverb.c">
      <Filter>libraries\openAL\source</Filter>
    </ClCompile>
    <ClCompile Include="..\..\..\libraries\openal\Alc\alcRing.c">
      <Filter>libraries\openAL\source</Filter>
    </ClCompile>
    <ClCompile Include="..\..\..\libraries\openal\Alc\alcThread.c">
      <Filter>libraries\openAL\source</Filter>
    </ClCompile>
    <ClCompile Include="..\..\..\libraries\openal\Alc\ALu.c">
      <Filter>libraries\openAL\source</Filter>
    </ClCompile>
    <ClCompile Include="..\..\..\libraries\openal\Alc\bs2b.c">
      <Filter>libraries\openAL\source</Filter>
    </ClCompile>
    <ClCompile Include="..\..\..\libraries\openal\Alc\helpers.c">
      <Filter>libraries\openAL\source</Filter>
    </ClCompile>
    <ClCompile Include="..\..\..\libraries\openal\Alc\hrtf.c">
      <Filter>libraries\openAL\source</Filter>
    </ClCompile>
    <ClCompile Include="..\..\..\libraries\openal\Alc\mixer.c">
      <Filter>libraries\openAL\source</Filter>
    </ClCompile>
    <ClCompile Include="..\..\..\libraries\openal\Alc\mixer_c.c">
      <Filter>libraries\openAL\source</Filter>
    </ClCompile>
    <ClCompile Include="..\..\..\libraries\openal\Alc\mixer_sse.c">
      <Filter>libraries\openAL\source</Filter>
    </ClCompile>
    <ClCompile Include="..\..\..\libraries\openal\Alc\panning.c">
      <Filter>libraries\openAL\source</Filter>
    </ClCompile>
    <ClCompile Include="..\..\..\libraries\openal\Alc\ALc.c">
      <Filter>libraries\openAL\source</Filter>
    </ClCompile>
    <ClCompile Include="..\..\..\libraries\openal\Alc\alcChorus.c">
      <Filter>libraries\openAL\source</Filter>
    </ClCompile>
    <ClCompile Include="..\..\..\libraries\openal\Alc\alcConfig.c">
      <Filter>libraries\openAL\source</Filter>
    </ClCompile>
    <ClCompile Include="..\..\..\libraries\openal\Alc\alcDedicated.c">
      <Filter>libraries\openAL\source</Filter>
    </ClCompile>
    <ClCompile Include="..\..\..\libraries\openal\Alc\alcEcho.c">
      <Filter>libraries\openAL\source</Filter>
    </ClCompile>
    <ClCompile Include="..\..\..\libraries\openal\Alc\backends\dsound.c">
      <Filter>libraries\openAL\source</Filter>
    </ClCompile>
    <ClCompile Include="..\..\..\libraries\openal\Alc\backends\loopback.c">
      <Filter>libraries\openAL\source</Filter>
    </ClCompile>
    <ClCompile Include="..\..\..\libraries\openal\Alc\backends\mmdevapi.c">
      <Filter>libraries\openAL\source</Filter>
    </ClCompile>
    <ClCompile Include="..\..\..\libraries\openal\Alc\backends\null.c">
      <Filter>libraries\openAL\source</Filter>
    </ClCompile>
    <ClCompile Include="..\..\..\libraries\openal\Alc\backends\wave.c">
      <Filter>libraries\openAL\source</Filter>
    </ClCompile>
    <ClCompile Include="..\..\..\libraries\openal\Alc\backends\winmm.c">
      <Filter>libraries\openAL\source</Filter>
    </ClCompile>
    <ClCompile Include="..\..\..\libraries\glew\src\glew.c">
      <Filter>libraries\glew</Filter>
    </ClCompile>
    <ClCompile Include="..\..\..\source\craplib\source\control\logger.cpp">
      <Filter>Source Files\control</Filter>
    </ClCompile>
    <ClCompile Include="..\..\..\source\craplib\source\opengl\keyboard.cpp">
      <Filter>Source Files\opengl</Filter>
    </ClCompile>
    <ClCompile Include="..\..\..\source\craplib\source\opengl\mouse.cpp">
      <Filter>Source Files\opengl</Filter>
    </ClCompile>
    <ClCompile Include="..\..\..\source\craplib\source\opengl\controller.cpp">
      <Filter>Source Files\opengl</Filter>
    </ClCompile>
    <ClCompile Include="..\..\..\source\craplib\source\opengl\renderwindow.cpp">
      <Filter>Source Files\opengl</Filter>
    </ClCompile>
    <ClCompile Include="..\..\..\source\craplib\source\opengl\setup.cpp">
      <Filter>Source Files\opengl</Filter>
    </ClCompile>
    <ClCompile Include="..\..\..\source\craplib\source\memory\memorypool.cpp">
      <Filter>Source Files\memory</Filter>
    </ClCompile>
  </ItemGroup>
</Project>