
Microsoft Visual Studio Solution File, Format Version 12.00
# Visual Studio 2012
Project("{8BC9CEB8-8B4A-11D0-8D11-00A0C91BC942}") = "CRAPlibrary", "CRAPlibrary\CRAPlibrary.vcxproj", "{E4C60B61-16F0-4C02-8CA2-B39C5C12E9D5}"
EndProject
Project("{8BC9CEB8-8B4A-11D0-8D11-00A0C91BC942}") = "unittests", "unittests\unittests.vcxproj", "{79532E44-0E6C-4E7A-8528-CC42E08EBCD8}"
	ProjectSection(ProjectDependencies) = postProject
		{E4C60B61-16F0-4C02-8CA2-B39C5C12E9D5} = {E4C60B61-16F0-4C02-8CA2-B39C5C12E9D5}
	EndProjectSection
EndProject
Project("{8BC9CEB8-8B4A-11D0-8D11-00A0C91BC942}") = "performancetests", "performancetests\performancetests.vcxproj", "{2AB7D086-F5D4-492B-A1C7-4CC03B043C6F}"
EndProject
Project("{8BC9CEB8-8B4A-11D0-8D11-00A0C91BC942}") = "SPG", "SPG\SPG.vcxproj", "{032AF1B3-E0FD-49A1-819B-1ED0DC33C7F7}"
	ProjectSection(ProjectDependencies) = postProject
		{E4C60B61-16F0-4C02-8CA2-B39C5C12E9D5} = {E4C60B61-16F0-4C02-8CA2-B39C5C12E9D5}
	EndProjectSection
EndProject
Global
	GlobalSection(SolutionConfigurationPlatforms) = preSolution
		Debug|Win32 = Debug|Win32
		Release|Win32 = Release|Win32
	EndGlobalSection
	GlobalSection(ProjectConfigurationPlatforms) = postSolution
		{E4C60B61-16F0-4C02-8CA2-B39C5C12E9D5}.Debug|Win32.ActiveCfg = Debug|Win32
		{E4C60B61-16F0-4C02-8CA2-B39C5C12E9D5}.Debug|Win32.Build.0 = Debug|Win32
		{E4C60B61-16F0-4C02-8CA2-B39C5C12E9D5}.Release|Win32.ActiveCfg = Release|Win32
		{E4C60B61-16F0-4C02-8CA2-B39C5C12E9D5}.Release|Win32.Build.0 = Release|Win32
		{79532E44-0E6C-4E7A-8528-CC42E08EBCD8}.Debug|Win32.ActiveCfg = Debug|Win32
		{79532E44-0E6C-4E7A-8528-CC42E08EBCD8}.Debug|Win32.Build.0 = Debug|Win32
		{79532E44-0E6C-4E7A-8528-CC42E08EBCD8}.Release|Win32.ActiveCfg = Release|Win32
		{79532E44-0E6C-4E7A-8528-CC42E08EBCD8}.Release|Win32.Build.0 = Release|Win32
		{2AB7D086-F5D4-492B-A1C7-4CC03B043C6F}.Debug|Win32.ActiveCfg = Debug|Win32
		{2AB7D086-F5D4-492B-A1C7-4CC03B043C6F}.Debug|Win32.Build.0 = Debug|Win32
		{2AB7D086-F5D4-492B-A1C7-4CC03B043C6F}.Release|Win32.ActiveCfg = Release|Win32
		{2AB7D086-F5D4-492B-A1C7-4CC03B043C6F}.Release|Win32.Build.0 = Release|Win32
		{032AF1B3-E0FD-49A1-819B-1ED0DC33C7F7}.Debug|Win32.ActiveCfg = Debug|Win32
		{032AF1B3-E0FD-49A1-819B-1ED0DC33C7F7}.Debug|Win32.Build.0 = Debug|Win32
		{032AF1B3-E0FD-49A1-819B-1ED0DC33C7F7}.Release|Win32.ActiveCfg = Release|Win32
		{032AF1B3-E0FD-49A1-819B-1ED0DC33C7F7}.Release|Win32.Build.0 = Release|Win32
	EndGlobalSection
	GlobalSection(SolutionProperties) = preSolution
		HideSolutionNode = FALSE
	EndGlobalSection
EndGlobal
